// !$*UTF8*$!
{
	archiveVersion = 1;
	classes = {
	};
	objectVersion = 46;
	objects = {

/* Begin PBXBuildFile section */
		3840EBFA7B53C9AE65049B02 /* Pods_GroupLockTests.framework in Frameworks */ = {isa = PBXBuildFile; fileRef = 23C928C9715923C6E7C20031 /* Pods_GroupLockTests.framework */; };
		8704DEB31D3CCD8E0017F88E /* ManagedFile+CoreDataProperties.swift in Sources */ = {isa = PBXBuildFile; fileRef = 8704DEB11D3CCD8E0017F88E /* ManagedFile+CoreDataProperties.swift */; };
		8704DEB71D3CD0CC0017F88E /* File.swift in Sources */ = {isa = PBXBuildFile; fileRef = 8704DEB61D3CD0CC0017F88E /* File.swift */; };
		8704DECC1D3D03990017F88E /* ProvideKeyConfigurator.swift in Sources */ = {isa = PBXBuildFile; fileRef = 8704DEC51D3D03990017F88E /* ProvideKeyConfigurator.swift */; };
		8704DECD1D3D03990017F88E /* ProvideKeyInteractor.swift in Sources */ = {isa = PBXBuildFile; fileRef = 8704DEC61D3D03990017F88E /* ProvideKeyInteractor.swift */; };
		8704DECE1D3D03990017F88E /* ProvideKeyModels.swift in Sources */ = {isa = PBXBuildFile; fileRef = 8704DEC71D3D03990017F88E /* ProvideKeyModels.swift */; };
		8704DECF1D3D03990017F88E /* ProvideKeyPresenter.swift in Sources */ = {isa = PBXBuildFile; fileRef = 8704DEC81D3D03990017F88E /* ProvideKeyPresenter.swift */; };
		8704DED01D3D03990017F88E /* ProvideKeyRouter.swift in Sources */ = {isa = PBXBuildFile; fileRef = 8704DEC91D3D03990017F88E /* ProvideKeyRouter.swift */; };
		8704DED11D3D03990017F88E /* ProvideKeyViewController.swift in Sources */ = {isa = PBXBuildFile; fileRef = 8704DECA1D3D03990017F88E /* ProvideKeyViewController.swift */; };
		8704DED51D3D08320017F88E /* Crypto.swift in Sources */ = {isa = PBXBuildFile; fileRef = 8704DED41D3D08320017F88E /* Crypto.swift */; };
		870912271D523B66006222BA /* Agrume.swift in Sources */ = {isa = PBXBuildFile; fileRef = 870912261D523B66006222BA /* Agrume.swift */; };
		870D094F1D47701000B65A0C /* EncryptedFileModelsComparison.swift in Sources */ = {isa = PBXBuildFile; fileRef = 870D094E1D47701000B65A0C /* EncryptedFileModelsComparison.swift */; };
		870D09511D477E8D00B65A0C /* EquatableModel+XCTAssertEqual.swift in Sources */ = {isa = PBXBuildFile; fileRef = 870D09501D477E8D00B65A0C /* EquatableModel+XCTAssertEqual.swift */; };
		870DBF921D3F932C004430A5 /* NumberOfKeysConfigurator.swift in Sources */ = {isa = PBXBuildFile; fileRef = 870DBF8C1D3F932C004430A5 /* NumberOfKeysConfigurator.swift */; };
		870DBF931D3F932C004430A5 /* NumberOfKeysInteractor.swift in Sources */ = {isa = PBXBuildFile; fileRef = 870DBF8D1D3F932C004430A5 /* NumberOfKeysInteractor.swift */; };
		870DBF941D3F932C004430A5 /* NumberOfKeysModels.swift in Sources */ = {isa = PBXBuildFile; fileRef = 870DBF8E1D3F932C004430A5 /* NumberOfKeysModels.swift */; };
		870DBF951D3F932C004430A5 /* NumberOfKeysPresenter.swift in Sources */ = {isa = PBXBuildFile; fileRef = 870DBF8F1D3F932C004430A5 /* NumberOfKeysPresenter.swift */; };
		870DBF961D3F932C004430A5 /* NumberOfKeysRouter.swift in Sources */ = {isa = PBXBuildFile; fileRef = 870DBF901D3F932C004430A5 /* NumberOfKeysRouter.swift */; };
		870DBF9E1D3F9BE9004430A5 /* NumberOfKeysInteractorTests.swift in Sources */ = {isa = PBXBuildFile; fileRef = 870DBF9A1D3F9BE9004430A5 /* NumberOfKeysInteractorTests.swift */; };
		870DBFA01D3F9BE9004430A5 /* NumberOfKeysViewControllerTests.swift in Sources */ = {isa = PBXBuildFile; fileRef = 870DBF9C1D3F9BE9004430A5 /* NumberOfKeysViewControllerTests.swift */; };
		8713DE4B1CEFA5400089C92A /* ChooseFileViewController.swift in Sources */ = {isa = PBXBuildFile; fileRef = 8713DE4A1CEFA5400089C92A /* ChooseFileViewController.swift */; };
		8713DE4F1CEFAAF30089C92A /* HomeViewController.swift in Sources */ = {isa = PBXBuildFile; fileRef = 8713DE4E1CEFAAF30089C92A /* HomeViewController.swift */; };
		8730226D1D42197100222606 /* EncryptedFileConfigurator.swift in Sources */ = {isa = PBXBuildFile; fileRef = 873022661D42197100222606 /* EncryptedFileConfigurator.swift */; };
		8730226E1D42197100222606 /* EncryptedFileInteractor.swift in Sources */ = {isa = PBXBuildFile; fileRef = 873022671D42197100222606 /* EncryptedFileInteractor.swift */; };
		8730226F1D42197100222606 /* EncryptedFileModels.swift in Sources */ = {isa = PBXBuildFile; fileRef = 873022681D42197100222606 /* EncryptedFileModels.swift */; };
		873022701D42197100222606 /* EncryptedFilePresenter.swift in Sources */ = {isa = PBXBuildFile; fileRef = 873022691D42197100222606 /* EncryptedFilePresenter.swift */; };
		873022711D42197100222606 /* EncryptedFileRouter.swift in Sources */ = {isa = PBXBuildFile; fileRef = 8730226A1D42197100222606 /* EncryptedFileRouter.swift */; };
		873022721D42197100222606 /* EncryptedFileViewController.swift in Sources */ = {isa = PBXBuildFile; fileRef = 8730226B1D42197100222606 /* EncryptedFileViewController.swift */; };
		87305BE41CF0885C00CF7A87 /* UI.nss in Resources */ = {isa = PBXBuildFile; fileRef = 87305BE61CF0885C00CF7A87 /* UI.nss */; };
		87309D011D422E24006E682A /* EncryptedFileDataSource.swift in Sources */ = {isa = PBXBuildFile; fileRef = 87309D001D422E24006E682A /* EncryptedFileDataSource.swift */; };
		87309D021D425447006E682A /* test-image.png in Resources */ = {isa = PBXBuildFile; fileRef = 873419B41D3817BC005D036C /* test-image.png */; };
		873419B21D37D686005D036C /* GroupLock.xcdatamodeld in Sources */ = {isa = PBXBuildFile; fileRef = 873419B01D37D686005D036C /* GroupLock.xcdatamodeld */; };
		873419B51D3817BC005D036C /* test-image.png in Resources */ = {isa = PBXBuildFile; fileRef = 873419B41D3817BC005D036C /* test-image.png */; };
		873ED7B61CDAAD5E005A8656 /* FileTableViewCell.swift in Sources */ = {isa = PBXBuildFile; fileRef = 873ED7B51CDAAD5E005A8656 /* FileTableViewCell.swift */; };
		8741584B1D5203FC004B2D63 /* ProvideKeyInteractorTests.swift in Sources */ = {isa = PBXBuildFile; fileRef = 874158471D5203FC004B2D63 /* ProvideKeyInteractorTests.swift */; };
		8741584C1D5203FC004B2D63 /* ProvideKeyPresenterTests.swift in Sources */ = {isa = PBXBuildFile; fileRef = 874158481D5203FC004B2D63 /* ProvideKeyPresenterTests.swift */; };
		8741584D1D5203FC004B2D63 /* ProvideKeyViewControllerTests.swift in Sources */ = {isa = PBXBuildFile; fileRef = 874158491D5203FC004B2D63 /* ProvideKeyViewControllerTests.swift */; };
		8741CE871CE6872D0034A820 /* LibraryDirectoryViewController.swift in Sources */ = {isa = PBXBuildFile; fileRef = 8741CE861CE6872D0034A820 /* LibraryDirectoryViewController.swift */; };
		8744EBDD1D636C0500624392 /* Pixel.swift in Sources */ = {isa = PBXBuildFile; fileRef = 8744EBDC1D636C0500624392 /* Pixel.swift */; };
		8744EBDF1D63B52F00624392 /* CryptoFakeTests.swift in Sources */ = {isa = PBXBuildFile; fileRef = 8744EBDE1D63B52F00624392 /* CryptoFakeTests.swift */; };
		8744EBE11D63B53900624392 /* grumpy.jpg in Resources */ = {isa = PBXBuildFile; fileRef = 8744EBE01D63B53900624392 /* grumpy.jpg */; };
		8748017E1D365349001A086C /* PresentedDataSource.swift in Sources */ = {isa = PBXBuildFile; fileRef = 8748017D1D365349001A086C /* PresentedDataSource.swift */; };
		874801821D3660D7001A086C /* CollectionViewGridLayout.swift in Sources */ = {isa = PBXBuildFile; fileRef = 874801811D3660D7001A086C /* CollectionViewGridLayout.swift */; };
		8748018C1D36C434001A086C /* ChooseFileInteractorTests.swift in Sources */ = {isa = PBXBuildFile; fileRef = 874801881D36C434001A086C /* ChooseFileInteractorTests.swift */; };
		8748018D1D36C434001A086C /* ChooseFilePresenterTests.swift in Sources */ = {isa = PBXBuildFile; fileRef = 874801891D36C434001A086C /* ChooseFilePresenterTests.swift */; };
		8748018E1D36C434001A086C /* ChooseFileViewControllerTests.swift in Sources */ = {isa = PBXBuildFile; fileRef = 8748018A1D36C434001A086C /* ChooseFileViewControllerTests.swift */; };
		8748018F1D36C434001A086C /* ChooseFileWorkerTests.swift in Sources */ = {isa = PBXBuildFile; fileRef = 8748018B1D36C434001A086C /* ChooseFileWorkerTests.swift */; };
		874801911D36CB8E001A086C /* PresentedDataSourceTests.swift in Sources */ = {isa = PBXBuildFile; fileRef = 874801901D36CB8E001A086C /* PresentedDataSourceTests.swift */; };
		874BEC691CE9385400F6CDE9 /* ViewFileViewController.swift in Sources */ = {isa = PBXBuildFile; fileRef = 874BEC681CE9385400F6CDE9 /* ViewFileViewController.swift */; };
		875BC69E1D63C70A003457CE /* LinearCongruentialGenerator.swift in Sources */ = {isa = PBXBuildFile; fileRef = 875BC69D1D63C70A003457CE /* LinearCongruentialGenerator.swift */; };
		87671EC91D4622A100A0C353 /* EncryptedFileInteractorTests.swift in Sources */ = {isa = PBXBuildFile; fileRef = 87671EC51D4622A100A0C353 /* EncryptedFileInteractorTests.swift */; };
		87671ECA1D4622A100A0C353 /* EncryptedFilePresenterTests.swift in Sources */ = {isa = PBXBuildFile; fileRef = 87671EC61D4622A100A0C353 /* EncryptedFilePresenterTests.swift */; };
		87671ECB1D4622A100A0C353 /* EncryptedFileViewControllerTests.swift in Sources */ = {isa = PBXBuildFile; fileRef = 87671EC71D4622A100A0C353 /* EncryptedFileViewControllerTests.swift */; };
		87671ECE1D46249100A0C353 /* EncryptedFileDataSourceTests.swift in Sources */ = {isa = PBXBuildFile; fileRef = 87671ECD1D46249100A0C353 /* EncryptedFileDataSourceTests.swift */; };
		87736F121D3D49C200B93D7B /* KeyTypeConfigurator.swift in Sources */ = {isa = PBXBuildFile; fileRef = 87736F0C1D3D49C200B93D7B /* KeyTypeConfigurator.swift */; };
		87736F131D3D49C200B93D7B /* KeyTypeInteractor.swift in Sources */ = {isa = PBXBuildFile; fileRef = 87736F0D1D3D49C200B93D7B /* KeyTypeInteractor.swift */; };
		87736F141D3D49C200B93D7B /* KeyTypeModels.swift in Sources */ = {isa = PBXBuildFile; fileRef = 87736F0E1D3D49C200B93D7B /* KeyTypeModels.swift */; };
		87736F151D3D49C200B93D7B /* KeyTypePresenter.swift in Sources */ = {isa = PBXBuildFile; fileRef = 87736F0F1D3D49C200B93D7B /* KeyTypePresenter.swift */; };
		87736F161D3D49C200B93D7B /* KeyTypeRouter.swift in Sources */ = {isa = PBXBuildFile; fileRef = 87736F101D3D49C200B93D7B /* KeyTypeRouter.swift */; };
		87736F1D1D3D565300B93D7B /* KeyTypeInteractorTests.swift in Sources */ = {isa = PBXBuildFile; fileRef = 87736F191D3D565300B93D7B /* KeyTypeInteractorTests.swift */; };
		87736F1F1D3D565300B93D7B /* KeyTypeViewControllerTests.swift in Sources */ = {isa = PBXBuildFile; fileRef = 87736F1B1D3D565300B93D7B /* KeyTypeViewControllerTests.swift */; };
		877ED32F1CF7B1E300C5D0D4 /* UIViewControllerTests.swift in Sources */ = {isa = PBXBuildFile; fileRef = 877ED32E1CF7B1E300C5D0D4 /* UIViewControllerTests.swift */; };
		8789D1991D465CAF0000AA8D /* FileCollectionViewCellProvider.swift in Sources */ = {isa = PBXBuildFile; fileRef = 8789D1981D465CAF0000AA8D /* FileCollectionViewCellProvider.swift */; };
		878AF3771CF10A4700CB247B /* KeyType.swift in Sources */ = {isa = PBXBuildFile; fileRef = 878AF3761CF10A4700CB247B /* KeyType.swift */; };
		878C29A31CF0B9D300323C9D /* FileCollectionViewCell.swift in Sources */ = {isa = PBXBuildFile; fileRef = 878C29A21CF0B9D300323C9D /* FileCollectionViewCell.swift */; };
		878C29A51CF0D7E300323C9D /* KeyTypeViewController.swift in Sources */ = {isa = PBXBuildFile; fileRef = 878C29A41CF0D7E300323C9D /* KeyTypeViewController.swift */; };
		879797081CCFA61E0064C3AC /* ManagedFile.swift in Sources */ = {isa = PBXBuildFile; fileRef = 879797041CCFA61E0064C3AC /* ManagedFile.swift */; };
		8797970E1CCFEFB20064C3AC /* LibraryViewController.swift in Sources */ = {isa = PBXBuildFile; fileRef = 8797970D1CCFEFB20064C3AC /* LibraryViewController.swift */; };
		87A2081B1D48025200793B54 /* Extensions.swift in Sources */ = {isa = PBXBuildFile; fileRef = 87A2081A1D48025200793B54 /* Extensions.swift */; };
		87AA21861D40DE8E00FDF227 /* QRCodeTests.swift in Sources */ = {isa = PBXBuildFile; fileRef = 87AA21851D40DE8E00FDF227 /* QRCodeTests.swift */; };
		87AA21881D40F01C00FDF227 /* QR-Code.png in Resources */ = {isa = PBXBuildFile; fileRef = 87AA21871D40F01C00FDF227 /* QR-Code.png */; };
		87AA218B1D4108BA00FDF227 /* ImageComparison.swift in Sources */ = {isa = PBXBuildFile; fileRef = 87AA218A1D4108BA00FDF227 /* ImageComparison.swift */; };
		87AEA5F41D48CA63009D8619 /* FileCollectionViewConfigurator.swift in Sources */ = {isa = PBXBuildFile; fileRef = 87AEA5F31D48CA63009D8619 /* FileCollectionViewConfigurator.swift */; };
		87AEA5F61D48E97A009D8619 /* OptionalArray+XCTAssertEqual.swift in Sources */ = {isa = PBXBuildFile; fileRef = 87AEA5F51D48E97A009D8619 /* OptionalArray+XCTAssertEqual.swift */; };
		87B509C11CD0B67A00641EC3 /* FileManager.swift in Sources */ = {isa = PBXBuildFile; fileRef = 87B509C01CD0B67A00641EC3 /* FileManager.swift */; };
		87B692111CB425E0008ACB6A /* AppDelegate.swift in Sources */ = {isa = PBXBuildFile; fileRef = 87B692101CB425E0008ACB6A /* AppDelegate.swift */; };
		87B692131CB425E0008ACB6A /* PasswordViewController.swift in Sources */ = {isa = PBXBuildFile; fileRef = 87B692121CB425E0008ACB6A /* PasswordViewController.swift */; };
		87B692161CB425E0008ACB6A /* Main.storyboard in Resources */ = {isa = PBXBuildFile; fileRef = 87B692141CB425E0008ACB6A /* Main.storyboard */; };
		87B6921B1CB425E0008ACB6A /* Assets.xcassets in Resources */ = {isa = PBXBuildFile; fileRef = 87B6921A1CB425E0008ACB6A /* Assets.xcassets */; };
		87B6921E1CB425E0008ACB6A /* LaunchScreen.storyboard in Resources */ = {isa = PBXBuildFile; fileRef = 87B6921C1CB425E0008ACB6A /* LaunchScreen.storyboard */; };
		87B6927F1CB45188008ACB6A /* UIViewController.swift in Sources */ = {isa = PBXBuildFile; fileRef = 87B6927E1CB45188008ACB6A /* UIViewController.swift */; };
		87CF826A1D3E3058000147EB /* ProvideKeyCell.swift in Sources */ = {isa = PBXBuildFile; fileRef = 87CF82691D3E3058000147EB /* ProvideKeyCell.swift */; };
		87D0AE0D1D59E190005BDCFD /* ScanningConfigurator.swift in Sources */ = {isa = PBXBuildFile; fileRef = 87D0AE061D59E190005BDCFD /* ScanningConfigurator.swift */; };
		87D0AE0E1D59E190005BDCFD /* ScanningInteractor.swift in Sources */ = {isa = PBXBuildFile; fileRef = 87D0AE071D59E190005BDCFD /* ScanningInteractor.swift */; };
		87D0AE0F1D59E190005BDCFD /* ScanningModels.swift in Sources */ = {isa = PBXBuildFile; fileRef = 87D0AE081D59E190005BDCFD /* ScanningModels.swift */; };
		87D0AE101D59E190005BDCFD /* ScanningPresenter.swift in Sources */ = {isa = PBXBuildFile; fileRef = 87D0AE091D59E190005BDCFD /* ScanningPresenter.swift */; };
		87D0AE111D59E190005BDCFD /* ScanningRouter.swift in Sources */ = {isa = PBXBuildFile; fileRef = 87D0AE0A1D59E190005BDCFD /* ScanningRouter.swift */; };
		87D0AE121D59E190005BDCFD /* ScanningViewController.swift in Sources */ = {isa = PBXBuildFile; fileRef = 87D0AE0B1D59E190005BDCFD /* ScanningViewController.swift */; };
		87DA0AEF1D65E72100DDBB79 /* ScanningInteractorTests.swift in Sources */ = {isa = PBXBuildFile; fileRef = 87DA0AEB1D65E72100DDBB79 /* ScanningInteractorTests.swift */; };
		87DA0AF01D65E72100DDBB79 /* ScanningPresenterTests.swift in Sources */ = {isa = PBXBuildFile; fileRef = 87DA0AEC1D65E72100DDBB79 /* ScanningPresenterTests.swift */; };
		87DA0AF11D65E72100DDBB79 /* ScanningViewControllerTests.swift in Sources */ = {isa = PBXBuildFile; fileRef = 87DA0AED1D65E72100DDBB79 /* ScanningViewControllerTests.swift */; };
		87DA0AF41D65E7E100DDBB79 /* ScanningModelsComparison.swift in Sources */ = {isa = PBXBuildFile; fileRef = 87DA0AF31D65E7E100DDBB79 /* ScanningModelsComparison.swift */; };
		87DB46051D620E1100F64F35 /* CGPath.swift in Sources */ = {isa = PBXBuildFile; fileRef = 87DB46041D620E1100F64F35 /* CGPath.swift */; };
		87DB46071D62484900F64F35 /* MetadataOutputObjectsDelegate.swift in Sources */ = {isa = PBXBuildFile; fileRef = 87DB46061D62484900F64F35 /* MetadataOutputObjectsDelegate.swift */; };
		87DB460B1D632C0B00F64F35 /* CryptoFake.swift in Sources */ = {isa = PBXBuildFile; fileRef = 87DB460A1D632C0B00F64F35 /* CryptoFake.swift */; };
		87DE60DE1CB46373005EA79E /* LocalAuthentication.framework in Frameworks */ = {isa = PBXBuildFile; fileRef = 87DE60DD1CB46373005EA79E /* LocalAuthentication.framework */; };
		87EA7C3F1D40C76D008FB4DA /* QRCode.swift in Sources */ = {isa = PBXBuildFile; fileRef = 87EA7C3E1D40C76D008FB4DA /* QRCode.swift */; };
		87F118F01CBF0CD40038F956 /* NUI.framework in Frameworks */ = {isa = PBXBuildFile; fileRef = 87F118EF1CBF0CD40038F956 /* NUI.framework */; };
		87F118F21CBF0CD60038F956 /* NUIParse.framework in Frameworks */ = {isa = PBXBuildFile; fileRef = 87F118F11CBF0CD60038F956 /* NUIParse.framework */; };
		87FD45381CE4B32800984269 /* Directory.swift in Sources */ = {isa = PBXBuildFile; fileRef = 87FD45371CE4B32800984269 /* Directory.swift */; };
		87FFF02E1D33ACCE007315C7 /* PasswordConfigurator.swift in Sources */ = {isa = PBXBuildFile; fileRef = 87FFF0281D33ACCE007315C7 /* PasswordConfigurator.swift */; };
		87FFF02F1D33ACCE007315C7 /* PasswordInteractor.swift in Sources */ = {isa = PBXBuildFile; fileRef = 87FFF0291D33ACCE007315C7 /* PasswordInteractor.swift */; };
		87FFF0311D33ACCE007315C7 /* PasswordPresenter.swift in Sources */ = {isa = PBXBuildFile; fileRef = 87FFF02B1D33ACCE007315C7 /* PasswordPresenter.swift */; };
		87FFF0321D33ACCE007315C7 /* PasswordRouter.swift in Sources */ = {isa = PBXBuildFile; fileRef = 87FFF02C1D33ACCE007315C7 /* PasswordRouter.swift */; };
		87FFF03F1D33C020007315C7 /* PasswordInteractorTests.swift in Sources */ = {isa = PBXBuildFile; fileRef = 87FFF03B1D33C020007315C7 /* PasswordInteractorTests.swift */; };
		87FFF0401D33C020007315C7 /* PasswordPresenterTests.swift in Sources */ = {isa = PBXBuildFile; fileRef = 87FFF03C1D33C020007315C7 /* PasswordPresenterTests.swift */; };
		87FFF0411D33C020007315C7 /* PasswordViewControllerTests.swift in Sources */ = {isa = PBXBuildFile; fileRef = 87FFF03D1D33C020007315C7 /* PasswordViewControllerTests.swift */; };
		87FFF04E1D34E9AE007315C7 /* ChooseFileConfigurator.swift in Sources */ = {isa = PBXBuildFile; fileRef = 87FFF0481D34E9AE007315C7 /* ChooseFileConfigurator.swift */; };
		87FFF04F1D34E9AE007315C7 /* ChooseFileInteractor.swift in Sources */ = {isa = PBXBuildFile; fileRef = 87FFF0491D34E9AE007315C7 /* ChooseFileInteractor.swift */; };
		87FFF0501D34E9AE007315C7 /* ChooseFileModels.swift in Sources */ = {isa = PBXBuildFile; fileRef = 87FFF04A1D34E9AE007315C7 /* ChooseFileModels.swift */; };
		87FFF0511D34E9AE007315C7 /* ChooseFilePresenter.swift in Sources */ = {isa = PBXBuildFile; fileRef = 87FFF04B1D34E9AE007315C7 /* ChooseFilePresenter.swift */; };
		87FFF0521D34E9AE007315C7 /* ChooseFileRouter.swift in Sources */ = {isa = PBXBuildFile; fileRef = 87FFF04C1D34E9AE007315C7 /* ChooseFileRouter.swift */; };
		87FFF0531D34E9AE007315C7 /* ChooseFileWorker.swift in Sources */ = {isa = PBXBuildFile; fileRef = 87FFF04D1D34E9AE007315C7 /* ChooseFileWorker.swift */; };
		8AE919DA1D2F508A002024AC /* NumberOfKeysViewController.swift in Sources */ = {isa = PBXBuildFile; fileRef = 8AE919D91D2F508A002024AC /* NumberOfKeysViewController.swift */; };
		A12E5CE327034B916D1870EA /* Pods_GroupLock.framework in Frameworks */ = {isa = PBXBuildFile; fileRef = 78D44004286621EC4A941066 /* Pods_GroupLock.framework */; };
/* End PBXBuildFile section */

/* Begin PBXContainerItemProxy section */
		87B692251CB425E0008ACB6A /* PBXContainerItemProxy */ = {
			isa = PBXContainerItemProxy;
			containerPortal = 87B692051CB425E0008ACB6A /* Project object */;
			proxyType = 1;
			remoteGlobalIDString = 87B6920C1CB425E0008ACB6A;
			remoteInfo = GroupLock;
		};
/* End PBXContainerItemProxy section */

/* Begin PBXFileReference section */
		02E8D6F8D3650701A5DA7A9E /* Pods-GroupLockUITests.debug.xcconfig */ = {isa = PBXFileReference; includeInIndex = 1; lastKnownFileType = text.xcconfig; name = "Pods-GroupLockUITests.debug.xcconfig"; path = "Pods/Target Support Files/Pods-GroupLockUITests/Pods-GroupLockUITests.debug.xcconfig"; sourceTree = "<group>"; };
		12E6A7C0DA0A408E64B7328B /* Pods_GroupLockUITests.framework */ = {isa = PBXFileReference; explicitFileType = wrapper.framework; includeInIndex = 0; path = Pods_GroupLockUITests.framework; sourceTree = BUILT_PRODUCTS_DIR; };
		21A2E2B00C09373CFA5A4705 /* Pods-GroupLockTests.debug.xcconfig */ = {isa = PBXFileReference; includeInIndex = 1; lastKnownFileType = text.xcconfig; name = "Pods-GroupLockTests.debug.xcconfig"; path = "Pods/Target Support Files/Pods-GroupLockTests/Pods-GroupLockTests.debug.xcconfig"; sourceTree = "<group>"; };
		23C928C9715923C6E7C20031 /* Pods_GroupLockTests.framework */ = {isa = PBXFileReference; explicitFileType = wrapper.framework; includeInIndex = 0; path = Pods_GroupLockTests.framework; sourceTree = BUILT_PRODUCTS_DIR; };
		71996D16419A209B9D5BAD92 /* Pods-GroupLock.release.xcconfig */ = {isa = PBXFileReference; includeInIndex = 1; lastKnownFileType = text.xcconfig; name = "Pods-GroupLock.release.xcconfig"; path = "Pods/Target Support Files/Pods-GroupLock/Pods-GroupLock.release.xcconfig"; sourceTree = "<group>"; };
		78D44004286621EC4A941066 /* Pods_GroupLock.framework */ = {isa = PBXFileReference; explicitFileType = wrapper.framework; includeInIndex = 0; path = Pods_GroupLock.framework; sourceTree = BUILT_PRODUCTS_DIR; };
		8704DEB11D3CCD8E0017F88E /* ManagedFile+CoreDataProperties.swift */ = {isa = PBXFileReference; fileEncoding = 4; lastKnownFileType = sourcecode.swift; name = "ManagedFile+CoreDataProperties.swift"; path = "CoreData/ManagedFile+CoreDataProperties.swift"; sourceTree = "<group>"; };
		8704DEB61D3CD0CC0017F88E /* File.swift */ = {isa = PBXFileReference; fileEncoding = 4; lastKnownFileType = sourcecode.swift; name = File.swift; path = Models/File.swift; sourceTree = "<group>"; };
		8704DEC51D3D03990017F88E /* ProvideKeyConfigurator.swift */ = {isa = PBXFileReference; fileEncoding = 4; lastKnownFileType = sourcecode.swift; name = ProvideKeyConfigurator.swift; path = Scenes/Home_Stack/ProvideKeyScene/ProvideKeyConfigurator.swift; sourceTree = "<group>"; };
		8704DEC61D3D03990017F88E /* ProvideKeyInteractor.swift */ = {isa = PBXFileReference; fileEncoding = 4; lastKnownFileType = sourcecode.swift; name = ProvideKeyInteractor.swift; path = Scenes/Home_Stack/ProvideKeyScene/ProvideKeyInteractor.swift; sourceTree = "<group>"; };
		8704DEC71D3D03990017F88E /* ProvideKeyModels.swift */ = {isa = PBXFileReference; fileEncoding = 4; lastKnownFileType = sourcecode.swift; name = ProvideKeyModels.swift; path = Scenes/Home_Stack/ProvideKeyScene/ProvideKeyModels.swift; sourceTree = "<group>"; };
		8704DEC81D3D03990017F88E /* ProvideKeyPresenter.swift */ = {isa = PBXFileReference; fileEncoding = 4; lastKnownFileType = sourcecode.swift; name = ProvideKeyPresenter.swift; path = Scenes/Home_Stack/ProvideKeyScene/ProvideKeyPresenter.swift; sourceTree = "<group>"; };
		8704DEC91D3D03990017F88E /* ProvideKeyRouter.swift */ = {isa = PBXFileReference; fileEncoding = 4; lastKnownFileType = sourcecode.swift; name = ProvideKeyRouter.swift; path = Scenes/Home_Stack/ProvideKeyScene/ProvideKeyRouter.swift; sourceTree = "<group>"; };
		8704DECA1D3D03990017F88E /* ProvideKeyViewController.swift */ = {isa = PBXFileReference; fileEncoding = 4; lastKnownFileType = sourcecode.swift; name = ProvideKeyViewController.swift; path = Scenes/Home_Stack/ProvideKeyScene/ProvideKeyViewController.swift; sourceTree = "<group>"; };
		8704DED41D3D08320017F88E /* Crypto.swift */ = {isa = PBXFileReference; fileEncoding = 4; lastKnownFileType = sourcecode.swift; name = Crypto.swift; path = Core/Crypto.swift; sourceTree = "<group>"; };
		870912261D523B66006222BA /* Agrume.swift */ = {isa = PBXFileReference; fileEncoding = 4; lastKnownFileType = sourcecode.swift; name = Agrume.swift; path = Class_Extensions/Agrume.swift; sourceTree = "<group>"; };
		870D094E1D47701000B65A0C /* EncryptedFileModelsComparison.swift */ = {isa = PBXFileReference; fileEncoding = 4; lastKnownFileType = sourcecode.swift; path = EncryptedFileModelsComparison.swift; sourceTree = "<group>"; };
		870D09501D477E8D00B65A0C /* EquatableModel+XCTAssertEqual.swift */ = {isa = PBXFileReference; fileEncoding = 4; lastKnownFileType = sourcecode.swift; path = "EquatableModel+XCTAssertEqual.swift"; sourceTree = "<group>"; };
		870DBF8C1D3F932C004430A5 /* NumberOfKeysConfigurator.swift */ = {isa = PBXFileReference; fileEncoding = 4; lastKnownFileType = sourcecode.swift; name = NumberOfKeysConfigurator.swift; path = Scenes/Home_Stack/NumberOfKeysScene/NumberOfKeysConfigurator.swift; sourceTree = "<group>"; };
		870DBF8D1D3F932C004430A5 /* NumberOfKeysInteractor.swift */ = {isa = PBXFileReference; fileEncoding = 4; lastKnownFileType = sourcecode.swift; name = NumberOfKeysInteractor.swift; path = Scenes/Home_Stack/NumberOfKeysScene/NumberOfKeysInteractor.swift; sourceTree = "<group>"; };
		870DBF8E1D3F932C004430A5 /* NumberOfKeysModels.swift */ = {isa = PBXFileReference; fileEncoding = 4; lastKnownFileType = sourcecode.swift; name = NumberOfKeysModels.swift; path = Scenes/Home_Stack/NumberOfKeysScene/NumberOfKeysModels.swift; sourceTree = "<group>"; };
		870DBF8F1D3F932C004430A5 /* NumberOfKeysPresenter.swift */ = {isa = PBXFileReference; fileEncoding = 4; lastKnownFileType = sourcecode.swift; name = NumberOfKeysPresenter.swift; path = Scenes/Home_Stack/NumberOfKeysScene/NumberOfKeysPresenter.swift; sourceTree = "<group>"; };
		870DBF901D3F932C004430A5 /* NumberOfKeysRouter.swift */ = {isa = PBXFileReference; fileEncoding = 4; lastKnownFileType = sourcecode.swift; name = NumberOfKeysRouter.swift; path = Scenes/Home_Stack/NumberOfKeysScene/NumberOfKeysRouter.swift; sourceTree = "<group>"; };
		870DBF9A1D3F9BE9004430A5 /* NumberOfKeysInteractorTests.swift */ = {isa = PBXFileReference; fileEncoding = 4; lastKnownFileType = sourcecode.swift; path = NumberOfKeysInteractorTests.swift; sourceTree = "<group>"; };
		870DBF9C1D3F9BE9004430A5 /* NumberOfKeysViewControllerTests.swift */ = {isa = PBXFileReference; fileEncoding = 4; lastKnownFileType = sourcecode.swift; path = NumberOfKeysViewControllerTests.swift; sourceTree = "<group>"; };
		8713DE4A1CEFA5400089C92A /* ChooseFileViewController.swift */ = {isa = PBXFileReference; fileEncoding = 4; lastKnownFileType = sourcecode.swift; name = ChooseFileViewController.swift; path = Scenes/Home_Stack/ChooseFileScene/ChooseFileViewController.swift; sourceTree = "<group>"; };
		8713DE4E1CEFAAF30089C92A /* HomeViewController.swift */ = {isa = PBXFileReference; fileEncoding = 4; lastKnownFileType = sourcecode.swift; name = HomeViewController.swift; path = Scenes/Home_Stack/HomeViewController.swift; sourceTree = "<group>"; };
		873022661D42197100222606 /* EncryptedFileConfigurator.swift */ = {isa = PBXFileReference; fileEncoding = 4; lastKnownFileType = sourcecode.swift; name = EncryptedFileConfigurator.swift; path = Scenes/Home_Stack/EcnryptedFileScene/EncryptedFileConfigurator.swift; sourceTree = "<group>"; };
		873022671D42197100222606 /* EncryptedFileInteractor.swift */ = {isa = PBXFileReference; fileEncoding = 4; lastKnownFileType = sourcecode.swift; name = EncryptedFileInteractor.swift; path = Scenes/Home_Stack/EcnryptedFileScene/EncryptedFileInteractor.swift; sourceTree = "<group>"; };
		873022681D42197100222606 /* EncryptedFileModels.swift */ = {isa = PBXFileReference; fileEncoding = 4; lastKnownFileType = sourcecode.swift; name = EncryptedFileModels.swift; path = Scenes/Home_Stack/EcnryptedFileScene/EncryptedFileModels.swift; sourceTree = "<group>"; };
		873022691D42197100222606 /* EncryptedFilePresenter.swift */ = {isa = PBXFileReference; fileEncoding = 4; lastKnownFileType = sourcecode.swift; name = EncryptedFilePresenter.swift; path = Scenes/Home_Stack/EcnryptedFileScene/EncryptedFilePresenter.swift; sourceTree = "<group>"; };
		8730226A1D42197100222606 /* EncryptedFileRouter.swift */ = {isa = PBXFileReference; fileEncoding = 4; lastKnownFileType = sourcecode.swift; name = EncryptedFileRouter.swift; path = Scenes/Home_Stack/EcnryptedFileScene/EncryptedFileRouter.swift; sourceTree = "<group>"; };
		8730226B1D42197100222606 /* EncryptedFileViewController.swift */ = {isa = PBXFileReference; fileEncoding = 4; lastKnownFileType = sourcecode.swift; name = EncryptedFileViewController.swift; path = Scenes/Home_Stack/EcnryptedFileScene/EncryptedFileViewController.swift; sourceTree = "<group>"; };
		87305BE51CF0885C00CF7A87 /* Base */ = {isa = PBXFileReference; lastKnownFileType = text; name = Base; path = Base.lproj/UI.nss; sourceTree = "<group>"; xcLanguageSpecificationIdentifier = xcode.lang.css; };
		87309D001D422E24006E682A /* EncryptedFileDataSource.swift */ = {isa = PBXFileReference; fileEncoding = 4; lastKnownFileType = sourcecode.swift; name = EncryptedFileDataSource.swift; path = Scenes/Home_Stack/EcnryptedFileScene/EncryptedFileDataSource.swift; sourceTree = "<group>"; };
		873419B11D37D686005D036C /* GroupLock.xcdatamodel */ = {isa = PBXFileReference; lastKnownFileType = wrapper.xcdatamodel; path = GroupLock.xcdatamodel; sourceTree = "<group>"; };
		873419B41D3817BC005D036C /* test-image.png */ = {isa = PBXFileReference; lastKnownFileType = image.png; path = "test-image.png"; sourceTree = "<group>"; };
		873ED7B51CDAAD5E005A8656 /* FileTableViewCell.swift */ = {isa = PBXFileReference; fileEncoding = 4; lastKnownFileType = sourcecode.swift; name = FileTableViewCell.swift; path = Scenes/Library_Stack/FileTableViewCell.swift; sourceTree = "<group>"; };
		874158471D5203FC004B2D63 /* ProvideKeyInteractorTests.swift */ = {isa = PBXFileReference; fileEncoding = 4; lastKnownFileType = sourcecode.swift; path = ProvideKeyInteractorTests.swift; sourceTree = "<group>"; };
		874158481D5203FC004B2D63 /* ProvideKeyPresenterTests.swift */ = {isa = PBXFileReference; fileEncoding = 4; lastKnownFileType = sourcecode.swift; path = ProvideKeyPresenterTests.swift; sourceTree = "<group>"; };
		874158491D5203FC004B2D63 /* ProvideKeyViewControllerTests.swift */ = {isa = PBXFileReference; fileEncoding = 4; lastKnownFileType = sourcecode.swift; path = ProvideKeyViewControllerTests.swift; sourceTree = "<group>"; };
		8741CE861CE6872D0034A820 /* LibraryDirectoryViewController.swift */ = {isa = PBXFileReference; fileEncoding = 4; lastKnownFileType = sourcecode.swift; name = LibraryDirectoryViewController.swift; path = Scenes/Library_Stack/LibraryDirectoryViewController.swift; sourceTree = "<group>"; };
		8744EBDC1D636C0500624392 /* Pixel.swift */ = {isa = PBXFileReference; fileEncoding = 4; lastKnownFileType = sourcecode.swift; name = Pixel.swift; path = Core/FakeCryptoLibrary/Pixel.swift; sourceTree = "<group>"; };
		8744EBDE1D63B52F00624392 /* CryptoFakeTests.swift */ = {isa = PBXFileReference; fileEncoding = 4; lastKnownFileType = sourcecode.swift; path = CryptoFakeTests.swift; sourceTree = "<group>"; };
		8744EBE01D63B53900624392 /* grumpy.jpg */ = {isa = PBXFileReference; lastKnownFileType = image.jpeg; path = grumpy.jpg; sourceTree = "<group>"; };
		8748017D1D365349001A086C /* PresentedDataSource.swift */ = {isa = PBXFileReference; fileEncoding = 4; lastKnownFileType = sourcecode.swift; name = PresentedDataSource.swift; path = Scenes/Home_Stack/ChooseFileScene/PresentedDataSource.swift; sourceTree = "<group>"; };
		874801811D3660D7001A086C /* CollectionViewGridLayout.swift */ = {isa = PBXFileReference; fileEncoding = 4; lastKnownFileType = sourcecode.swift; name = CollectionViewGridLayout.swift; path = Layout/CollectionViewGridLayout.swift; sourceTree = "<group>"; };
		874801881D36C434001A086C /* ChooseFileInteractorTests.swift */ = {isa = PBXFileReference; fileEncoding = 4; lastKnownFileType = sourcecode.swift; path = ChooseFileInteractorTests.swift; sourceTree = "<group>"; };
		874801891D36C434001A086C /* ChooseFilePresenterTests.swift */ = {isa = PBXFileReference; fileEncoding = 4; lastKnownFileType = sourcecode.swift; path = ChooseFilePresenterTests.swift; sourceTree = "<group>"; };
		8748018A1D36C434001A086C /* ChooseFileViewControllerTests.swift */ = {isa = PBXFileReference; fileEncoding = 4; lastKnownFileType = sourcecode.swift; path = ChooseFileViewControllerTests.swift; sourceTree = "<group>"; };
		8748018B1D36C434001A086C /* ChooseFileWorkerTests.swift */ = {isa = PBXFileReference; fileEncoding = 4; lastKnownFileType = sourcecode.swift; path = ChooseFileWorkerTests.swift; sourceTree = "<group>"; };
		874801901D36CB8E001A086C /* PresentedDataSourceTests.swift */ = {isa = PBXFileReference; fileEncoding = 4; lastKnownFileType = sourcecode.swift; path = PresentedDataSourceTests.swift; sourceTree = "<group>"; };
		874BEC681CE9385400F6CDE9 /* ViewFileViewController.swift */ = {isa = PBXFileReference; fileEncoding = 4; lastKnownFileType = sourcecode.swift; name = ViewFileViewController.swift; path = Scenes/Library_Stack/ViewFileViewController.swift; sourceTree = "<group>"; };
		875BC69D1D63C70A003457CE /* LinearCongruentialGenerator.swift */ = {isa = PBXFileReference; fileEncoding = 4; lastKnownFileType = sourcecode.swift; name = LinearCongruentialGenerator.swift; path = Core/FakeCryptoLibrary/LinearCongruentialGenerator.swift; sourceTree = "<group>"; };
		87671EC51D4622A100A0C353 /* EncryptedFileInteractorTests.swift */ = {isa = PBXFileReference; fileEncoding = 4; lastKnownFileType = sourcecode.swift; path = EncryptedFileInteractorTests.swift; sourceTree = "<group>"; };
		87671EC61D4622A100A0C353 /* EncryptedFilePresenterTests.swift */ = {isa = PBXFileReference; fileEncoding = 4; lastKnownFileType = sourcecode.swift; path = EncryptedFilePresenterTests.swift; sourceTree = "<group>"; };
		87671EC71D4622A100A0C353 /* EncryptedFileViewControllerTests.swift */ = {isa = PBXFileReference; fileEncoding = 4; lastKnownFileType = sourcecode.swift; path = EncryptedFileViewControllerTests.swift; sourceTree = "<group>"; };
		87671ECD1D46249100A0C353 /* EncryptedFileDataSourceTests.swift */ = {isa = PBXFileReference; fileEncoding = 4; lastKnownFileType = sourcecode.swift; path = EncryptedFileDataSourceTests.swift; sourceTree = "<group>"; };
		87736F0C1D3D49C200B93D7B /* KeyTypeConfigurator.swift */ = {isa = PBXFileReference; fileEncoding = 4; lastKnownFileType = sourcecode.swift; name = KeyTypeConfigurator.swift; path = Scenes/Home_Stack/KeyTypeScene/KeyTypeConfigurator.swift; sourceTree = "<group>"; };
		87736F0D1D3D49C200B93D7B /* KeyTypeInteractor.swift */ = {isa = PBXFileReference; fileEncoding = 4; lastKnownFileType = sourcecode.swift; name = KeyTypeInteractor.swift; path = Scenes/Home_Stack/KeyTypeScene/KeyTypeInteractor.swift; sourceTree = "<group>"; };
		87736F0E1D3D49C200B93D7B /* KeyTypeModels.swift */ = {isa = PBXFileReference; fileEncoding = 4; lastKnownFileType = sourcecode.swift; name = KeyTypeModels.swift; path = Scenes/Home_Stack/KeyTypeScene/KeyTypeModels.swift; sourceTree = "<group>"; };
		87736F0F1D3D49C200B93D7B /* KeyTypePresenter.swift */ = {isa = PBXFileReference; fileEncoding = 4; lastKnownFileType = sourcecode.swift; name = KeyTypePresenter.swift; path = Scenes/Home_Stack/KeyTypeScene/KeyTypePresenter.swift; sourceTree = "<group>"; };
		87736F101D3D49C200B93D7B /* KeyTypeRouter.swift */ = {isa = PBXFileReference; fileEncoding = 4; lastKnownFileType = sourcecode.swift; name = KeyTypeRouter.swift; path = Scenes/Home_Stack/KeyTypeScene/KeyTypeRouter.swift; sourceTree = "<group>"; };
		87736F191D3D565300B93D7B /* KeyTypeInteractorTests.swift */ = {isa = PBXFileReference; fileEncoding = 4; lastKnownFileType = sourcecode.swift; path = KeyTypeInteractorTests.swift; sourceTree = "<group>"; };
		87736F1B1D3D565300B93D7B /* KeyTypeViewControllerTests.swift */ = {isa = PBXFileReference; fileEncoding = 4; lastKnownFileType = sourcecode.swift; path = KeyTypeViewControllerTests.swift; sourceTree = "<group>"; };
		877ED32E1CF7B1E300C5D0D4 /* UIViewControllerTests.swift */ = {isa = PBXFileReference; fileEncoding = 4; lastKnownFileType = sourcecode.swift; path = UIViewControllerTests.swift; sourceTree = "<group>"; };
		8789D1981D465CAF0000AA8D /* FileCollectionViewCellProvider.swift */ = {isa = PBXFileReference; fileEncoding = 4; lastKnownFileType = sourcecode.swift; name = FileCollectionViewCellProvider.swift; path = Layout/FileCollectionViewCellProvider.swift; sourceTree = "<group>"; };
		878AF3761CF10A4700CB247B /* KeyType.swift */ = {isa = PBXFileReference; fileEncoding = 4; lastKnownFileType = sourcecode.swift; name = KeyType.swift; path = Supporting/KeyType.swift; sourceTree = "<group>"; };
		878C29A21CF0B9D300323C9D /* FileCollectionViewCell.swift */ = {isa = PBXFileReference; fileEncoding = 4; lastKnownFileType = sourcecode.swift; name = FileCollectionViewCell.swift; path = Layout/FileCollectionViewCell.swift; sourceTree = "<group>"; };
		878C29A41CF0D7E300323C9D /* KeyTypeViewController.swift */ = {isa = PBXFileReference; fileEncoding = 4; lastKnownFileType = sourcecode.swift; name = KeyTypeViewController.swift; path = Scenes/Home_Stack/KeyTypeScene/KeyTypeViewController.swift; sourceTree = "<group>"; };
		879796E71CCF9B4F0064C3AC /* NUI.framework */ = {isa = PBXFileReference; lastKnownFileType = wrapper.framework; name = NUI.framework; path = "../../../Library/Developer/Xcode/DerivedData/GroupLock-buohvxdmrbgottfowybkjnxebhfv/Build/Products/Debug-iphoneos/NUI.framework"; sourceTree = "<group>"; };
		879796E81CCF9B4F0064C3AC /* NUIParse.framework */ = {isa = PBXFileReference; lastKnownFileType = wrapper.framework; name = NUIParse.framework; path = "../../../Library/Developer/Xcode/DerivedData/GroupLock-buohvxdmrbgottfowybkjnxebhfv/Build/Products/Debug-iphoneos/NUIParse.framework"; sourceTree = "<group>"; };
		879797041CCFA61E0064C3AC /* ManagedFile.swift */ = {isa = PBXFileReference; fileEncoding = 4; lastKnownFileType = sourcecode.swift; name = ManagedFile.swift; path = CoreData/ManagedFile.swift; sourceTree = "<group>"; };
		8797970D1CCFEFB20064C3AC /* LibraryViewController.swift */ = {isa = PBXFileReference; fileEncoding = 4; lastKnownFileType = sourcecode.swift; name = LibraryViewController.swift; path = Scenes/Library_Stack/LibraryViewController.swift; sourceTree = "<group>"; };
		87A2081A1D48025200793B54 /* Extensions.swift */ = {isa = PBXFileReference; fileEncoding = 4; lastKnownFileType = sourcecode.swift; path = Extensions.swift; sourceTree = "<group>"; };
		87AA21851D40DE8E00FDF227 /* QRCodeTests.swift */ = {isa = PBXFileReference; fileEncoding = 4; lastKnownFileType = sourcecode.swift; path = QRCodeTests.swift; sourceTree = "<group>"; };
		87AA21871D40F01C00FDF227 /* QR-Code.png */ = {isa = PBXFileReference; lastKnownFileType = image.png; path = "QR-Code.png"; sourceTree = "<group>"; };
		87AA218A1D4108BA00FDF227 /* ImageComparison.swift */ = {isa = PBXFileReference; fileEncoding = 4; lastKnownFileType = sourcecode.swift; path = ImageComparison.swift; sourceTree = "<group>"; };
		87AEA5F31D48CA63009D8619 /* FileCollectionViewConfigurator.swift */ = {isa = PBXFileReference; fileEncoding = 4; lastKnownFileType = sourcecode.swift; name = FileCollectionViewConfigurator.swift; path = Layout/FileCollectionViewConfigurator.swift; sourceTree = "<group>"; };
		87AEA5F51D48E97A009D8619 /* OptionalArray+XCTAssertEqual.swift */ = {isa = PBXFileReference; fileEncoding = 4; lastKnownFileType = sourcecode.swift; path = "OptionalArray+XCTAssertEqual.swift"; sourceTree = "<group>"; };
		87B509C01CD0B67A00641EC3 /* FileManager.swift */ = {isa = PBXFileReference; fileEncoding = 4; lastKnownFileType = sourcecode.swift; name = FileManager.swift; path = Supporting/FileManager.swift; sourceTree = "<group>"; };
		87B6920D1CB425E0008ACB6A /* GroupLock.app */ = {isa = PBXFileReference; explicitFileType = wrapper.application; includeInIndex = 0; path = GroupLock.app; sourceTree = BUILT_PRODUCTS_DIR; };
		87B692101CB425E0008ACB6A /* AppDelegate.swift */ = {isa = PBXFileReference; lastKnownFileType = sourcecode.swift; name = AppDelegate.swift; path = Supporting/AppDelegate.swift; sourceTree = "<group>"; };
		87B692121CB425E0008ACB6A /* PasswordViewController.swift */ = {isa = PBXFileReference; indentWidth = 4; lastKnownFileType = sourcecode.swift; name = PasswordViewController.swift; path = Scenes/PasswordScene/PasswordViewController.swift; sourceTree = "<group>"; tabWidth = 4; };
		87B692151CB425E0008ACB6A /* Base */ = {isa = PBXFileReference; lastKnownFileType = file.storyboard; name = Base; path = Base.lproj/Main.storyboard; sourceTree = "<group>"; };
		87B6921A1CB425E0008ACB6A /* Assets.xcassets */ = {isa = PBXFileReference; lastKnownFileType = folder.assetcatalog; path = Assets.xcassets; sourceTree = "<group>"; };
		87B6921D1CB425E0008ACB6A /* Base */ = {isa = PBXFileReference; lastKnownFileType = file.storyboard; name = Base; path = Base.lproj/LaunchScreen.storyboard; sourceTree = "<group>"; };
		87B6921F1CB425E0008ACB6A /* Info.plist */ = {isa = PBXFileReference; lastKnownFileType = text.plist.xml; path = Info.plist; sourceTree = "<group>"; };
		87B692241CB425E0008ACB6A /* GroupLockTests.xctest */ = {isa = PBXFileReference; explicitFileType = wrapper.cfbundle; includeInIndex = 0; path = GroupLockTests.xctest; sourceTree = BUILT_PRODUCTS_DIR; };
		87B6922A1CB425E0008ACB6A /* Info.plist */ = {isa = PBXFileReference; lastKnownFileType = text.plist.xml; path = Info.plist; sourceTree = "<group>"; };
		87B6927E1CB45188008ACB6A /* UIViewController.swift */ = {isa = PBXFileReference; fileEncoding = 4; indentWidth = 4; lastKnownFileType = sourcecode.swift; name = UIViewController.swift; path = Class_Extensions/UIViewController.swift; sourceTree = "<group>"; tabWidth = 4; };
		87CF82691D3E3058000147EB /* ProvideKeyCell.swift */ = {isa = PBXFileReference; fileEncoding = 4; lastKnownFileType = sourcecode.swift; name = ProvideKeyCell.swift; path = Scenes/Home_Stack/ProvideKeyScene/ProvideKeyCell.swift; sourceTree = "<group>"; };
		87D0AE061D59E190005BDCFD /* ScanningConfigurator.swift */ = {isa = PBXFileReference; fileEncoding = 4; lastKnownFileType = sourcecode.swift; name = ScanningConfigurator.swift; path = Scenes/Home_Stack/ScanningScene/ScanningConfigurator.swift; sourceTree = "<group>"; };
		87D0AE071D59E190005BDCFD /* ScanningInteractor.swift */ = {isa = PBXFileReference; fileEncoding = 4; lastKnownFileType = sourcecode.swift; name = ScanningInteractor.swift; path = Scenes/Home_Stack/ScanningScene/ScanningInteractor.swift; sourceTree = "<group>"; };
		87D0AE081D59E190005BDCFD /* ScanningModels.swift */ = {isa = PBXFileReference; fileEncoding = 4; lastKnownFileType = sourcecode.swift; name = ScanningModels.swift; path = Scenes/Home_Stack/ScanningScene/ScanningModels.swift; sourceTree = "<group>"; };
		87D0AE091D59E190005BDCFD /* ScanningPresenter.swift */ = {isa = PBXFileReference; fileEncoding = 4; lastKnownFileType = sourcecode.swift; name = ScanningPresenter.swift; path = Scenes/Home_Stack/ScanningScene/ScanningPresenter.swift; sourceTree = "<group>"; };
		87D0AE0A1D59E190005BDCFD /* ScanningRouter.swift */ = {isa = PBXFileReference; fileEncoding = 4; lastKnownFileType = sourcecode.swift; name = ScanningRouter.swift; path = Scenes/Home_Stack/ScanningScene/ScanningRouter.swift; sourceTree = "<group>"; };
		87D0AE0B1D59E190005BDCFD /* ScanningViewController.swift */ = {isa = PBXFileReference; fileEncoding = 4; lastKnownFileType = sourcecode.swift; name = ScanningViewController.swift; path = Scenes/Home_Stack/ScanningScene/ScanningViewController.swift; sourceTree = "<group>"; };
		87DA0AEB1D65E72100DDBB79 /* ScanningInteractorTests.swift */ = {isa = PBXFileReference; fileEncoding = 4; lastKnownFileType = sourcecode.swift; path = ScanningInteractorTests.swift; sourceTree = "<group>"; };
		87DA0AEC1D65E72100DDBB79 /* ScanningPresenterTests.swift */ = {isa = PBXFileReference; fileEncoding = 4; lastKnownFileType = sourcecode.swift; path = ScanningPresenterTests.swift; sourceTree = "<group>"; };
		87DA0AED1D65E72100DDBB79 /* ScanningViewControllerTests.swift */ = {isa = PBXFileReference; fileEncoding = 4; lastKnownFileType = sourcecode.swift; path = ScanningViewControllerTests.swift; sourceTree = "<group>"; };
		87DA0AF31D65E7E100DDBB79 /* ScanningModelsComparison.swift */ = {isa = PBXFileReference; fileEncoding = 4; lastKnownFileType = sourcecode.swift; path = ScanningModelsComparison.swift; sourceTree = "<group>"; };
		87DB46041D620E1100F64F35 /* CGPath.swift */ = {isa = PBXFileReference; fileEncoding = 4; lastKnownFileType = sourcecode.swift; name = CGPath.swift; path = Class_Extensions/CGPath.swift; sourceTree = "<group>"; };
		87DB46061D62484900F64F35 /* MetadataOutputObjectsDelegate.swift */ = {isa = PBXFileReference; fileEncoding = 4; lastKnownFileType = sourcecode.swift; name = MetadataOutputObjectsDelegate.swift; path = Scenes/Home_Stack/ScanningScene/MetadataOutputObjectsDelegate.swift; sourceTree = "<group>"; };
		87DB460A1D632C0B00F64F35 /* CryptoFake.swift */ = {isa = PBXFileReference; fileEncoding = 4; lastKnownFileType = sourcecode.swift; name = CryptoFake.swift; path = Core/CryptoFake.swift; sourceTree = "<group>"; };
		87DE60DD1CB46373005EA79E /* LocalAuthentication.framework */ = {isa = PBXFileReference; lastKnownFileType = wrapper.framework; name = LocalAuthentication.framework; path = System/Library/Frameworks/LocalAuthentication.framework; sourceTree = SDKROOT; };
		87EA7C3E1D40C76D008FB4DA /* QRCode.swift */ = {isa = PBXFileReference; fileEncoding = 4; lastKnownFileType = sourcecode.swift; name = QRCode.swift; path = Core/QRCode.swift; sourceTree = "<group>"; };
		87F118EF1CBF0CD40038F956 /* NUI.framework */ = {isa = PBXFileReference; lastKnownFileType = wrapper.framework; name = NUI.framework; path = "../../../Library/Developer/Xcode/DerivedData/GroupLock-ffmgilidnbhbqnfkgswyglwucvmu/Build/Products/Debug-iphonesimulator/NUI.framework"; sourceTree = "<group>"; };
		87F118F11CBF0CD60038F956 /* NUIParse.framework */ = {isa = PBXFileReference; lastKnownFileType = wrapper.framework; name = NUIParse.framework; path = "../../../Library/Developer/Xcode/DerivedData/GroupLock-ffmgilidnbhbqnfkgswyglwucvmu/Build/Products/Debug-iphonesimulator/NUIParse.framework"; sourceTree = "<group>"; };
		87FD45371CE4B32800984269 /* Directory.swift */ = {isa = PBXFileReference; fileEncoding = 4; lastKnownFileType = sourcecode.swift; name = Directory.swift; path = Supporting/Directory.swift; sourceTree = "<group>"; };
		87FFF0281D33ACCE007315C7 /* PasswordConfigurator.swift */ = {isa = PBXFileReference; fileEncoding = 4; lastKnownFileType = sourcecode.swift; name = PasswordConfigurator.swift; path = Scenes/PasswordScene/PasswordConfigurator.swift; sourceTree = "<group>"; };
		87FFF0291D33ACCE007315C7 /* PasswordInteractor.swift */ = {isa = PBXFileReference; fileEncoding = 4; lastKnownFileType = sourcecode.swift; name = PasswordInteractor.swift; path = Scenes/PasswordScene/PasswordInteractor.swift; sourceTree = "<group>"; };
		87FFF02B1D33ACCE007315C7 /* PasswordPresenter.swift */ = {isa = PBXFileReference; fileEncoding = 4; lastKnownFileType = sourcecode.swift; name = PasswordPresenter.swift; path = Scenes/PasswordScene/PasswordPresenter.swift; sourceTree = "<group>"; };
		87FFF02C1D33ACCE007315C7 /* PasswordRouter.swift */ = {isa = PBXFileReference; fileEncoding = 4; lastKnownFileType = sourcecode.swift; name = PasswordRouter.swift; path = Scenes/PasswordScene/PasswordRouter.swift; sourceTree = "<group>"; };
		87FFF03B1D33C020007315C7 /* PasswordInteractorTests.swift */ = {isa = PBXFileReference; fileEncoding = 4; lastKnownFileType = sourcecode.swift; path = PasswordInteractorTests.swift; sourceTree = "<group>"; };
		87FFF03C1D33C020007315C7 /* PasswordPresenterTests.swift */ = {isa = PBXFileReference; fileEncoding = 4; lastKnownFileType = sourcecode.swift; path = PasswordPresenterTests.swift; sourceTree = "<group>"; };
		87FFF03D1D33C020007315C7 /* PasswordViewControllerTests.swift */ = {isa = PBXFileReference; fileEncoding = 4; lastKnownFileType = sourcecode.swift; path = PasswordViewControllerTests.swift; sourceTree = "<group>"; };
		87FFF0481D34E9AE007315C7 /* ChooseFileConfigurator.swift */ = {isa = PBXFileReference; fileEncoding = 4; lastKnownFileType = sourcecode.swift; name = ChooseFileConfigurator.swift; path = Scenes/Home_Stack/ChooseFileScene/ChooseFileConfigurator.swift; sourceTree = "<group>"; };
		87FFF0491D34E9AE007315C7 /* ChooseFileInteractor.swift */ = {isa = PBXFileReference; fileEncoding = 4; lastKnownFileType = sourcecode.swift; name = ChooseFileInteractor.swift; path = Scenes/Home_Stack/ChooseFileScene/ChooseFileInteractor.swift; sourceTree = "<group>"; };
		87FFF04A1D34E9AE007315C7 /* ChooseFileModels.swift */ = {isa = PBXFileReference; fileEncoding = 4; lastKnownFileType = sourcecode.swift; name = ChooseFileModels.swift; path = Scenes/Home_Stack/ChooseFileScene/ChooseFileModels.swift; sourceTree = "<group>"; };
		87FFF04B1D34E9AE007315C7 /* ChooseFilePresenter.swift */ = {isa = PBXFileReference; fileEncoding = 4; lastKnownFileType = sourcecode.swift; name = ChooseFilePresenter.swift; path = Scenes/Home_Stack/ChooseFileScene/ChooseFilePresenter.swift; sourceTree = "<group>"; };
		87FFF04C1D34E9AE007315C7 /* ChooseFileRouter.swift */ = {isa = PBXFileReference; fileEncoding = 4; lastKnownFileType = sourcecode.swift; name = ChooseFileRouter.swift; path = Scenes/Home_Stack/ChooseFileScene/ChooseFileRouter.swift; sourceTree = "<group>"; };
		87FFF04D1D34E9AE007315C7 /* ChooseFileWorker.swift */ = {isa = PBXFileReference; fileEncoding = 4; lastKnownFileType = sourcecode.swift; name = ChooseFileWorker.swift; path = Scenes/Home_Stack/ChooseFileScene/ChooseFileWorker.swift; sourceTree = "<group>"; };
		8A5BAE3AF1557FD0CA843812 /* Pods-GroupLockUITests.release.xcconfig */ = {isa = PBXFileReference; includeInIndex = 1; lastKnownFileType = text.xcconfig; name = "Pods-GroupLockUITests.release.xcconfig"; path = "Pods/Target Support Files/Pods-GroupLockUITests/Pods-GroupLockUITests.release.xcconfig"; sourceTree = "<group>"; };
		8AE919D91D2F508A002024AC /* NumberOfKeysViewController.swift */ = {isa = PBXFileReference; fileEncoding = 4; lastKnownFileType = sourcecode.swift; name = NumberOfKeysViewController.swift; path = Scenes/Home_Stack/NumberOfKeysScene/NumberOfKeysViewController.swift; sourceTree = "<group>"; };
		AF19EA1836F48CDF9CE2777A /* Pods-GroupLockTests.release.xcconfig */ = {isa = PBXFileReference; includeInIndex = 1; lastKnownFileType = text.xcconfig; name = "Pods-GroupLockTests.release.xcconfig"; path = "Pods/Target Support Files/Pods-GroupLockTests/Pods-GroupLockTests.release.xcconfig"; sourceTree = "<group>"; };
		BFDF8566C80CCDB2E8A9388F /* Pods-GroupLock.debug.xcconfig */ = {isa = PBXFileReference; includeInIndex = 1; lastKnownFileType = text.xcconfig; name = "Pods-GroupLock.debug.xcconfig"; path = "Pods/Target Support Files/Pods-GroupLock/Pods-GroupLock.debug.xcconfig"; sourceTree = "<group>"; };
/* End PBXFileReference section */

/* Begin PBXFrameworksBuildPhase section */
		87B6920A1CB425E0008ACB6A /* Frameworks */ = {
			isa = PBXFrameworksBuildPhase;
			buildActionMask = 2147483647;
			files = (
				87F118F21CBF0CD60038F956 /* NUIParse.framework in Frameworks */,
				87F118F01CBF0CD40038F956 /* NUI.framework in Frameworks */,
				87DE60DE1CB46373005EA79E /* LocalAuthentication.framework in Frameworks */,
				A12E5CE327034B916D1870EA /* Pods_GroupLock.framework in Frameworks */,
			);
			runOnlyForDeploymentPostprocessing = 0;
		};
		87B692211CB425E0008ACB6A /* Frameworks */ = {
			isa = PBXFrameworksBuildPhase;
			buildActionMask = 2147483647;
			files = (
				3840EBFA7B53C9AE65049B02 /* Pods_GroupLockTests.framework in Frameworks */,
			);
			runOnlyForDeploymentPostprocessing = 0;
		};
/* End PBXFrameworksBuildPhase section */

/* Begin PBXGroup section */
		8704DEB51D3CD0AC0017F88E /* Models */ = {
			isa = PBXGroup;
			children = (
				8704DEB61D3CD0CC0017F88E /* File.swift */,
			);
			name = Models;
			sourceTree = "<group>";
		};
		8704DEC41D3D031A0017F88E /* ProvideKeyScene */ = {
			isa = PBXGroup;
			children = (
				8704DEC91D3D03990017F88E /* ProvideKeyRouter.swift */,
				8704DECA1D3D03990017F88E /* ProvideKeyViewController.swift */,
				8704DEC61D3D03990017F88E /* ProvideKeyInteractor.swift */,
				8704DEC81D3D03990017F88E /* ProvideKeyPresenter.swift */,
				8704DEC51D3D03990017F88E /* ProvideKeyConfigurator.swift */,
				8704DEC71D3D03990017F88E /* ProvideKeyModels.swift */,
				87CF82691D3E3058000147EB /* ProvideKeyCell.swift */,
			);
			name = ProvideKeyScene;
			sourceTree = "<group>";
		};
		8704DED31D3D08120017F88E /* Core */ = {
			isa = PBXGroup;
			children = (
				8704DED41D3D08320017F88E /* Crypto.swift */,
				87DB460A1D632C0B00F64F35 /* CryptoFake.swift */,
				8744EBDB1D636BD100624392 /* FakeCryptoLibrary */,
				87EA7C3E1D40C76D008FB4DA /* QRCode.swift */,
			);
			name = Core;
			sourceTree = "<group>";
		};
		870DBF991D3F9BBB004430A5 /* NumberOfKeysSceneTests */ = {
			isa = PBXGroup;
			children = (
				870DBF9A1D3F9BE9004430A5 /* NumberOfKeysInteractorTests.swift */,
				870DBF9C1D3F9BE9004430A5 /* NumberOfKeysViewControllerTests.swift */,
			);
			name = NumberOfKeysSceneTests;
			sourceTree = "<group>";
		};
		8713DE4C1CEFA5520089C92A /* Library Stack */ = {
			isa = PBXGroup;
			children = (
				8741CE861CE6872D0034A820 /* LibraryDirectoryViewController.swift */,
				8797970D1CCFEFB20064C3AC /* LibraryViewController.swift */,
				873ED7B51CDAAD5E005A8656 /* FileTableViewCell.swift */,
				874BEC681CE9385400F6CDE9 /* ViewFileViewController.swift */,
			);
			name = "Library Stack";
			sourceTree = "<group>";
		};
		8713DE4D1CEFA5720089C92A /* Home Stack */ = {
			isa = PBXGroup;
			children = (
				8713DE4E1CEFAAF30089C92A /* HomeViewController.swift */,
				87FFF0431D34E955007315C7 /* ChooseFileScene */,
				87FAC9EE1D34ECB600FE3602 /* KeyTypeScene */,
				87FAC9EF1D34ECBE00FE3602 /* NumberOfKeysScene */,
				8704DEC41D3D031A0017F88E /* ProvideKeyScene */,
				873022651D4213DE00222606 /* EncryptedFileScene */,
				87D0AE051D59E154005BDCFD /* ScanningScene */,
			);
			name = "Home Stack";
			sourceTree = "<group>";
		};
		873022651D4213DE00222606 /* EncryptedFileScene */ = {
			isa = PBXGroup;
			children = (
				8730226A1D42197100222606 /* EncryptedFileRouter.swift */,
				8730226B1D42197100222606 /* EncryptedFileViewController.swift */,
				873022671D42197100222606 /* EncryptedFileInteractor.swift */,
				873022691D42197100222606 /* EncryptedFilePresenter.swift */,
				873022661D42197100222606 /* EncryptedFileConfigurator.swift */,
				873022681D42197100222606 /* EncryptedFileModels.swift */,
				87309D001D422E24006E682A /* EncryptedFileDataSource.swift */,
			);
			name = EncryptedFileScene;
			sourceTree = "<group>";
		};
		873419AB1D37CB21005D036C /* Layout */ = {
			isa = PBXGroup;
			children = (
				874801811D3660D7001A086C /* CollectionViewGridLayout.swift */,
				878C29A21CF0B9D300323C9D /* FileCollectionViewCell.swift */,
				8789D1981D465CAF0000AA8D /* FileCollectionViewCellProvider.swift */,
				87AEA5F31D48CA63009D8619 /* FileCollectionViewConfigurator.swift */,
			);
			name = Layout;
			sourceTree = "<group>";
		};
		873419B31D3817A0005D036C /* Test Resources */ = {
			isa = PBXGroup;
			children = (
				8744EBE01D63B53900624392 /* grumpy.jpg */,
				873419B41D3817BC005D036C /* test-image.png */,
				87AA21871D40F01C00FDF227 /* QR-Code.png */,
			);
			name = "Test Resources";
			sourceTree = "<group>";
		};
		874158461D5203CC004B2D63 /* ProvideKeySceneTests */ = {
			isa = PBXGroup;
			children = (
				874158471D5203FC004B2D63 /* ProvideKeyInteractorTests.swift */,
				874158481D5203FC004B2D63 /* ProvideKeyPresenterTests.swift */,
				874158491D5203FC004B2D63 /* ProvideKeyViewControllerTests.swift */,
			);
			name = ProvideKeySceneTests;
			sourceTree = "<group>";
		};
		8744EBDB1D636BD100624392 /* FakeCryptoLibrary */ = {
			isa = PBXGroup;
			children = (
				8744EBDC1D636C0500624392 /* Pixel.swift */,
				875BC69D1D63C70A003457CE /* LinearCongruentialGenerator.swift */,
			);
			name = FakeCryptoLibrary;
			sourceTree = "<group>";
		};
		874801871D36C3F8001A086C /* ChooseFileSceneTests */ = {
			isa = PBXGroup;
			children = (
				874801881D36C434001A086C /* ChooseFileInteractorTests.swift */,
				874801891D36C434001A086C /* ChooseFilePresenterTests.swift */,
				8748018A1D36C434001A086C /* ChooseFileViewControllerTests.swift */,
				8748018B1D36C434001A086C /* ChooseFileWorkerTests.swift */,
				874801901D36CB8E001A086C /* PresentedDataSourceTests.swift */,
			);
			name = ChooseFileSceneTests;
			sourceTree = "<group>";
		};
		8748B2AD1CBFB031000C57EB /* Class Extensions */ = {
			isa = PBXGroup;
			children = (
				87B6927E1CB45188008ACB6A /* UIViewController.swift */,
				870912261D523B66006222BA /* Agrume.swift */,
				87DB46041D620E1100F64F35 /* CGPath.swift */,
			);
			name = "Class Extensions";
			sourceTree = "<group>";
		};
		87671EC41D46226F00A0C353 /* EncryptedFileSceneTests */ = {
			isa = PBXGroup;
			children = (
				87671EC51D4622A100A0C353 /* EncryptedFileInteractorTests.swift */,
				87671EC61D4622A100A0C353 /* EncryptedFilePresenterTests.swift */,
				87671EC71D4622A100A0C353 /* EncryptedFileViewControllerTests.swift */,
				87671ECD1D46249100A0C353 /* EncryptedFileDataSourceTests.swift */,
				870D094E1D47701000B65A0C /* EncryptedFileModelsComparison.swift */,
			);
			name = EncryptedFileSceneTests;
			sourceTree = "<group>";
		};
		877078441D33A47500A61E96 /* PasswordScene */ = {
			isa = PBXGroup;
			children = (
				87FFF02C1D33ACCE007315C7 /* PasswordRouter.swift */,
				87B692121CB425E0008ACB6A /* PasswordViewController.swift */,
				87FFF0291D33ACCE007315C7 /* PasswordInteractor.swift */,
				87FFF02B1D33ACCE007315C7 /* PasswordPresenter.swift */,
				87FFF0281D33ACCE007315C7 /* PasswordConfigurator.swift */,
			);
			name = PasswordScene;
			sourceTree = "<group>";
		};
		87736F181D3D562800B93D7B /* KeyTypeSceneTests */ = {
			isa = PBXGroup;
			children = (
				87736F191D3D565300B93D7B /* KeyTypeInteractorTests.swift */,
				87736F1B1D3D565300B93D7B /* KeyTypeViewControllerTests.swift */,
			);
			name = KeyTypeSceneTests;
			sourceTree = "<group>";
		};
		877ED3301CF7B1F000C5D0D4 /* ViewController Tests */ = {
			isa = PBXGroup;
			children = (
				877ED32E1CF7B1E300C5D0D4 /* UIViewControllerTests.swift */,
			);
			name = "ViewController Tests";
			sourceTree = "<group>";
		};
		879797021CCFA5FC0064C3AC /* CoreData */ = {
			isa = PBXGroup;
			children = (
				8704DEB11D3CCD8E0017F88E /* ManagedFile+CoreDataProperties.swift */,
				879797041CCFA61E0064C3AC /* ManagedFile.swift */,
				873419B01D37D686005D036C /* GroupLock.xcdatamodeld */,
			);
			name = CoreData;
			sourceTree = "<group>";
		};
		87AA21841D40DE6200FDF227 /* CoreTests */ = {
			isa = PBXGroup;
			children = (
				87AA21851D40DE8E00FDF227 /* QRCodeTests.swift */,
				8744EBDE1D63B52F00624392 /* CryptoFakeTests.swift */,
			);
			name = CoreTests;
			sourceTree = "<group>";
		};
		87AA21891D4108AE00FDF227 /* Helpers */ = {
			isa = PBXGroup;
			children = (
				87AA218A1D4108BA00FDF227 /* ImageComparison.swift */,
				870D09501D477E8D00B65A0C /* EquatableModel+XCTAssertEqual.swift */,
				87AEA5F51D48E97A009D8619 /* OptionalArray+XCTAssertEqual.swift */,
				87A2081A1D48025200793B54 /* Extensions.swift */,
			);
			name = Helpers;
			sourceTree = "<group>";
		};
		87B692041CB425E0008ACB6A = {
			isa = PBXGroup;
			children = (
				87DE60DD1CB46373005EA79E /* LocalAuthentication.framework */,
				87B6920F1CB425E0008ACB6A /* GroupLock */,
				87B692271CB425E0008ACB6A /* GroupLockTests */,
				87B6920E1CB425E0008ACB6A /* Products */,
				ED68019345A0323D60D469A2 /* Frameworks */,
				A02222C0E747EFBDF0E74680 /* Pods */,
			);
			indentWidth = 4;
			sourceTree = "<group>";
			tabWidth = 4;
		};
		87B6920E1CB425E0008ACB6A /* Products */ = {
			isa = PBXGroup;
			children = (
				87B6920D1CB425E0008ACB6A /* GroupLock.app */,
				87B692241CB425E0008ACB6A /* GroupLockTests.xctest */,
			);
			name = Products;
			sourceTree = "<group>";
		};
		87B6920F1CB425E0008ACB6A /* GroupLock */ = {
			isa = PBXGroup;
			children = (
				8704DED31D3D08120017F88E /* Core */,
				8704DEB51D3CD0AC0017F88E /* Models */,
				873419AB1D37CB21005D036C /* Layout */,
				8748B2AD1CBFB031000C57EB /* Class Extensions */,
				87305BE61CF0885C00CF7A87 /* UI.nss */,
				87B692141CB425E0008ACB6A /* Main.storyboard */,
				877078441D33A47500A61E96 /* PasswordScene */,
				8713DE4D1CEFA5720089C92A /* Home Stack */,
				8713DE4C1CEFA5520089C92A /* Library Stack */,
				87FD453D1CE4BCBA00984269 /* Supporting */,
				879797021CCFA5FC0064C3AC /* CoreData */,
			);
			path = GroupLock;
			sourceTree = "<group>";
		};
		87B692271CB425E0008ACB6A /* GroupLockTests */ = {
			isa = PBXGroup;
			children = (
				87AA21891D4108AE00FDF227 /* Helpers */,
				873419B31D3817A0005D036C /* Test Resources */,
				87AA21841D40DE6200FDF227 /* CoreTests */,
				87FFF0341D33BFB1007315C7 /* PasswordSceneTests */,
				874801871D36C3F8001A086C /* ChooseFileSceneTests */,
				87736F181D3D562800B93D7B /* KeyTypeSceneTests */,
				870DBF991D3F9BBB004430A5 /* NumberOfKeysSceneTests */,
				874158461D5203CC004B2D63 /* ProvideKeySceneTests */,
				87671EC41D46226F00A0C353 /* EncryptedFileSceneTests */,
				87DA0AEA1D65E6F600DDBB79 /* ScanningSceneTests */,
				877ED3301CF7B1F000C5D0D4 /* ViewController Tests */,
				87B6922A1CB425E0008ACB6A /* Info.plist */,
			);
			path = GroupLockTests;
			sourceTree = "<group>";
		};
		87D0AE051D59E154005BDCFD /* ScanningScene */ = {
			isa = PBXGroup;
			children = (
				87D0AE0A1D59E190005BDCFD /* ScanningRouter.swift */,
				87D0AE0B1D59E190005BDCFD /* ScanningViewController.swift */,
				87D0AE071D59E190005BDCFD /* ScanningInteractor.swift */,
				87DB46061D62484900F64F35 /* MetadataOutputObjectsDelegate.swift */,
				87D0AE091D59E190005BDCFD /* ScanningPresenter.swift */,
				87D0AE061D59E190005BDCFD /* ScanningConfigurator.swift */,
				87D0AE081D59E190005BDCFD /* ScanningModels.swift */,
			);
			name = ScanningScene;
			sourceTree = "<group>";
		};
		87DA0AEA1D65E6F600DDBB79 /* ScanningSceneTests */ = {
			isa = PBXGroup;
			children = (
				87DA0AED1D65E72100DDBB79 /* ScanningViewControllerTests.swift */,
				87DA0AEB1D65E72100DDBB79 /* ScanningInteractorTests.swift */,
				87DA0AEC1D65E72100DDBB79 /* ScanningPresenterTests.swift */,
				87DA0AF31D65E7E100DDBB79 /* ScanningModelsComparison.swift */,
			);
			name = ScanningSceneTests;
			sourceTree = "<group>";
		};
		87FAC9EE1D34ECB600FE3602 /* KeyTypeScene */ = {
			isa = PBXGroup;
			children = (
				87736F101D3D49C200B93D7B /* KeyTypeRouter.swift */,
				878C29A41CF0D7E300323C9D /* KeyTypeViewController.swift */,
				87736F0D1D3D49C200B93D7B /* KeyTypeInteractor.swift */,
				87736F0F1D3D49C200B93D7B /* KeyTypePresenter.swift */,
				87736F0C1D3D49C200B93D7B /* KeyTypeConfigurator.swift */,
				87736F0E1D3D49C200B93D7B /* KeyTypeModels.swift */,
			);
			name = KeyTypeScene;
			sourceTree = "<group>";
		};
		87FAC9EF1D34ECBE00FE3602 /* NumberOfKeysScene */ = {
			isa = PBXGroup;
			children = (
				870DBF901D3F932C004430A5 /* NumberOfKeysRouter.swift */,
				8AE919D91D2F508A002024AC /* NumberOfKeysViewController.swift */,
				870DBF8D1D3F932C004430A5 /* NumberOfKeysInteractor.swift */,
				870DBF8F1D3F932C004430A5 /* NumberOfKeysPresenter.swift */,
				870DBF8C1D3F932C004430A5 /* NumberOfKeysConfigurator.swift */,
				870DBF8E1D3F932C004430A5 /* NumberOfKeysModels.swift */,
			);
			name = NumberOfKeysScene;
			sourceTree = "<group>";
		};
		87FD453D1CE4BCBA00984269 /* Supporting */ = {
			isa = PBXGroup;
			children = (
				87B692101CB425E0008ACB6A /* AppDelegate.swift */,
				87B509C01CD0B67A00641EC3 /* FileManager.swift */,
				87FD45371CE4B32800984269 /* Directory.swift */,
				878AF3761CF10A4700CB247B /* KeyType.swift */,
				87B6921A1CB425E0008ACB6A /* Assets.xcassets */,
				87B6921C1CB425E0008ACB6A /* LaunchScreen.storyboard */,
				87B6921F1CB425E0008ACB6A /* Info.plist */,
			);
			name = Supporting;
			sourceTree = "<group>";
		};
		87FFF0341D33BFB1007315C7 /* PasswordSceneTests */ = {
			isa = PBXGroup;
			children = (
				87FFF03B1D33C020007315C7 /* PasswordInteractorTests.swift */,
				87FFF03C1D33C020007315C7 /* PasswordPresenterTests.swift */,
				87FFF03D1D33C020007315C7 /* PasswordViewControllerTests.swift */,
			);
			name = PasswordSceneTests;
			sourceTree = "<group>";
		};
		87FFF0431D34E955007315C7 /* ChooseFileScene */ = {
			isa = PBXGroup;
			children = (
				87FFF04C1D34E9AE007315C7 /* ChooseFileRouter.swift */,
				8713DE4A1CEFA5400089C92A /* ChooseFileViewController.swift */,
				87FFF0491D34E9AE007315C7 /* ChooseFileInteractor.swift */,
				87FFF04B1D34E9AE007315C7 /* ChooseFilePresenter.swift */,
				87FFF0481D34E9AE007315C7 /* ChooseFileConfigurator.swift */,
				87FFF04A1D34E9AE007315C7 /* ChooseFileModels.swift */,
				87FFF04D1D34E9AE007315C7 /* ChooseFileWorker.swift */,
				8748017D1D365349001A086C /* PresentedDataSource.swift */,
			);
			name = ChooseFileScene;
			sourceTree = "<group>";
		};
		A02222C0E747EFBDF0E74680 /* Pods */ = {
			isa = PBXGroup;
			children = (
				BFDF8566C80CCDB2E8A9388F /* Pods-GroupLock.debug.xcconfig */,
				71996D16419A209B9D5BAD92 /* Pods-GroupLock.release.xcconfig */,
				21A2E2B00C09373CFA5A4705 /* Pods-GroupLockTests.debug.xcconfig */,
				AF19EA1836F48CDF9CE2777A /* Pods-GroupLockTests.release.xcconfig */,
				02E8D6F8D3650701A5DA7A9E /* Pods-GroupLockUITests.debug.xcconfig */,
				8A5BAE3AF1557FD0CA843812 /* Pods-GroupLockUITests.release.xcconfig */,
			);
			name = Pods;
			sourceTree = "<group>";
		};
		ED68019345A0323D60D469A2 /* Frameworks */ = {
			isa = PBXGroup;
			children = (
				879796E71CCF9B4F0064C3AC /* NUI.framework */,
				879796E81CCF9B4F0064C3AC /* NUIParse.framework */,
				87F118F11CBF0CD60038F956 /* NUIParse.framework */,
				87F118EF1CBF0CD40038F956 /* NUI.framework */,
				78D44004286621EC4A941066 /* Pods_GroupLock.framework */,
				23C928C9715923C6E7C20031 /* Pods_GroupLockTests.framework */,
				12E6A7C0DA0A408E64B7328B /* Pods_GroupLockUITests.framework */,
			);
			name = Frameworks;
			sourceTree = "<group>";
		};
/* End PBXGroup section */

/* Begin PBXNativeTarget section */
		87B6920C1CB425E0008ACB6A /* GroupLock */ = {
			isa = PBXNativeTarget;
			buildConfigurationList = 87B692381CB425E0008ACB6A /* Build configuration list for PBXNativeTarget "GroupLock" */;
			buildPhases = (
				256C3A224374B5E367D161E5 /* [CP] Check Pods Manifest.lock */,
				87B692091CB425E0008ACB6A /* Sources */,
				87B6920A1CB425E0008ACB6A /* Frameworks */,
				87B6920B1CB425E0008ACB6A /* Resources */,
				8760D2631CD7950F004C86D4 /* ShellScript */,
				CACE0EB81A618413524FFC78 /* [CP] Embed Pods Frameworks */,
				5375B2386BB06D3969610FAB /* [CP] Copy Pods Resources */,
				8793DE1A1D4C18A10071C397 /* SwiftLint */,
			);
			buildRules = (
			);
			dependencies = (
			);
			name = GroupLock;
			productName = GroupLock;
			productReference = 87B6920D1CB425E0008ACB6A /* GroupLock.app */;
			productType = "com.apple.product-type.application";
		};
		87B692231CB425E0008ACB6A /* GroupLockTests */ = {
			isa = PBXNativeTarget;
			buildConfigurationList = 87B6923B1CB425E0008ACB6A /* Build configuration list for PBXNativeTarget "GroupLockTests" */;
			buildPhases = (
				45FAD6FFE2780505B4491AF9 /* [CP] Check Pods Manifest.lock */,
				87B692201CB425E0008ACB6A /* Sources */,
				87B692211CB425E0008ACB6A /* Frameworks */,
				87B692221CB425E0008ACB6A /* Resources */,
				B1B2720ADBDBDE385087D164 /* [CP] Embed Pods Frameworks */,
				C3EECE5EA2E9CB30A492F51C /* [CP] Copy Pods Resources */,
			);
			buildRules = (
			);
			dependencies = (
				87B692261CB425E0008ACB6A /* PBXTargetDependency */,
			);
			name = GroupLockTests;
			productName = GroupLockTests;
			productReference = 87B692241CB425E0008ACB6A /* GroupLockTests.xctest */;
			productType = "com.apple.product-type.bundle.unit-test";
		};
/* End PBXNativeTarget section */

/* Begin PBXProject section */
		87B692051CB425E0008ACB6A /* Project object */ = {
			isa = PBXProject;
			attributes = {
				LastSwiftUpdateCheck = 0730;
				LastUpgradeCheck = 0800;
				ORGANIZATIONNAME = "Lanit-Tercom School";
				TargetAttributes = {
					87B6920C1CB425E0008ACB6A = {
						CreatedOnToolsVersion = 7.3;
						DevelopmentTeam = N4X84VA3BB;
						LastSwiftMigration = 0800;
					};
					87B692231CB425E0008ACB6A = {
						CreatedOnToolsVersion = 7.3;
						DevelopmentTeam = N4X84VA3BB;
						LastSwiftMigration = 0800;
						TestTargetID = 87B6920C1CB425E0008ACB6A;
					};
				};
			};
			buildConfigurationList = 87B692081CB425E0008ACB6A /* Build configuration list for PBXProject "GroupLock" */;
			compatibilityVersion = "Xcode 3.2";
			developmentRegion = English;
			hasScannedForEncodings = 0;
			knownRegions = (
				en,
				Base,
			);
			mainGroup = 87B692041CB425E0008ACB6A;
			productRefGroup = 87B6920E1CB425E0008ACB6A /* Products */;
			projectDirPath = "";
			projectRoot = "";
			targets = (
				87B6920C1CB425E0008ACB6A /* GroupLock */,
				87B692231CB425E0008ACB6A /* GroupLockTests */,
			);
		};
/* End PBXProject section */

/* Begin PBXResourcesBuildPhase section */
		87B6920B1CB425E0008ACB6A /* Resources */ = {
			isa = PBXResourcesBuildPhase;
			buildActionMask = 2147483647;
			files = (
				87309D021D425447006E682A /* test-image.png in Resources */,
				87B6921E1CB425E0008ACB6A /* LaunchScreen.storyboard in Resources */,
				87B6921B1CB425E0008ACB6A /* Assets.xcassets in Resources */,
				87305BE41CF0885C00CF7A87 /* UI.nss in Resources */,
				87B692161CB425E0008ACB6A /* Main.storyboard in Resources */,
			);
			runOnlyForDeploymentPostprocessing = 0;
		};
		87B692221CB425E0008ACB6A /* Resources */ = {
			isa = PBXResourcesBuildPhase;
			buildActionMask = 2147483647;
			files = (
				873419B51D3817BC005D036C /* test-image.png in Resources */,
				8744EBE11D63B53900624392 /* grumpy.jpg in Resources */,
				87AA21881D40F01C00FDF227 /* QR-Code.png in Resources */,
			);
			runOnlyForDeploymentPostprocessing = 0;
		};
/* End PBXResourcesBuildPhase section */

/* Begin PBXShellScriptBuildPhase section */
		256C3A224374B5E367D161E5 /* [CP] Check Pods Manifest.lock */ = {
			isa = PBXShellScriptBuildPhase;
			buildActionMask = 2147483647;
			files = (
			);
			inputPaths = (
			);
			name = "[CP] Check Pods Manifest.lock";
			outputPaths = (
			);
			runOnlyForDeploymentPostprocessing = 0;
			shellPath = /bin/sh;
			shellScript = "diff \"${PODS_ROOT}/../Podfile.lock\" \"${PODS_ROOT}/Manifest.lock\" > /dev/null\nif [[ $? != 0 ]] ; then\n    cat << EOM\nerror: The sandbox is not in sync with the Podfile.lock. Run 'pod install' or update your CocoaPods installation.\nEOM\n    exit 1\nfi\n";
			showEnvVarsInLog = 0;
		};
		45FAD6FFE2780505B4491AF9 /* [CP] Check Pods Manifest.lock */ = {
			isa = PBXShellScriptBuildPhase;
			buildActionMask = 2147483647;
			files = (
			);
			inputPaths = (
			);
			name = "[CP] Check Pods Manifest.lock";
			outputPaths = (
			);
			runOnlyForDeploymentPostprocessing = 0;
			shellPath = /bin/sh;
			shellScript = "diff \"${PODS_ROOT}/../Podfile.lock\" \"${PODS_ROOT}/Manifest.lock\" > /dev/null\nif [[ $? != 0 ]] ; then\n    cat << EOM\nerror: The sandbox is not in sync with the Podfile.lock. Run 'pod install' or update your CocoaPods installation.\nEOM\n    exit 1\nfi\n";
			showEnvVarsInLog = 0;
		};
		5375B2386BB06D3969610FAB /* [CP] Copy Pods Resources */ = {
			isa = PBXShellScriptBuildPhase;
			buildActionMask = 2147483647;
			files = (
			);
			inputPaths = (
			);
			name = "[CP] Copy Pods Resources";
			outputPaths = (
			);
			runOnlyForDeploymentPostprocessing = 0;
			shellPath = /bin/sh;
			shellScript = "\"${SRCROOT}/Pods/Target Support Files/Pods-GroupLock/Pods-GroupLock-resources.sh\"\n";
			showEnvVarsInLog = 0;
		};
		8760D2631CD7950F004C86D4 /* ShellScript */ = {
			isa = PBXShellScriptBuildPhase;
			buildActionMask = 2147483647;
			files = (
			);
			inputPaths = (
			);
			outputPaths = (
			);
			runOnlyForDeploymentPostprocessing = 0;
			shellPath = /bin/sh;
			shellScript = "TAGS=\"TODO:|FIXME:\"\nERRORTAG=\"ERROR:\"\nfind \"${SRCROOT}\" \\( -name \"*.h\" -or -name \"*.m\" -or -name \"*.swift\" \\) -print0 | xargs -0 egrep --with-filename --line-number --only-matching \"($TAGS).*\\$|($ERRORTAG).*\\$\" | perl -p -e \"s/($TAGS)/ warning: \\$1/\" | perl -p -e \"s/($ERRORTAG)/ error: \\$1/\"";
		};
		8793DE1A1D4C18A10071C397 /* SwiftLint */ = {
			isa = PBXShellScriptBuildPhase;
			buildActionMask = 2147483647;
			files = (
			);
			inputPaths = (
			);
			name = SwiftLint;
			outputPaths = (
			);
			runOnlyForDeploymentPostprocessing = 0;
			shellPath = /bin/sh;
			shellScript = "if which swiftlint >/dev/null; then\nswiftlint\nfi";
		};
		B1B2720ADBDBDE385087D164 /* [CP] Embed Pods Frameworks */ = {
			isa = PBXShellScriptBuildPhase;
			buildActionMask = 2147483647;
			files = (
			);
			inputPaths = (
			);
			name = "[CP] Embed Pods Frameworks";
			outputPaths = (
			);
			runOnlyForDeploymentPostprocessing = 0;
			shellPath = /bin/sh;
			shellScript = "\"${SRCROOT}/Pods/Target Support Files/Pods-GroupLockTests/Pods-GroupLockTests-frameworks.sh\"\n";
			showEnvVarsInLog = 0;
		};
		C3EECE5EA2E9CB30A492F51C /* [CP] Copy Pods Resources */ = {
			isa = PBXShellScriptBuildPhase;
			buildActionMask = 2147483647;
			files = (
			);
			inputPaths = (
			);
			name = "[CP] Copy Pods Resources";
			outputPaths = (
			);
			runOnlyForDeploymentPostprocessing = 0;
			shellPath = /bin/sh;
			shellScript = "\"${SRCROOT}/Pods/Target Support Files/Pods-GroupLockTests/Pods-GroupLockTests-resources.sh\"\n";
			showEnvVarsInLog = 0;
		};
		CACE0EB81A618413524FFC78 /* [CP] Embed Pods Frameworks */ = {
			isa = PBXShellScriptBuildPhase;
			buildActionMask = 2147483647;
			files = (
			);
			inputPaths = (
			);
			name = "[CP] Embed Pods Frameworks";
			outputPaths = (
			);
			runOnlyForDeploymentPostprocessing = 0;
			shellPath = /bin/sh;
			shellScript = "\"${SRCROOT}/Pods/Target Support Files/Pods-GroupLock/Pods-GroupLock-frameworks.sh\"\n";
			showEnvVarsInLog = 0;
		};
/* End PBXShellScriptBuildPhase section */

/* Begin PBXSourcesBuildPhase section */
		87B692091CB425E0008ACB6A /* Sources */ = {
			isa = PBXSourcesBuildPhase;
			buildActionMask = 2147483647;
			files = (
				873022711D42197100222606 /* EncryptedFileRouter.swift in Sources */,
				878C29A51CF0D7E300323C9D /* KeyTypeViewController.swift in Sources */,
				87FFF0511D34E9AE007315C7 /* ChooseFilePresenter.swift in Sources */,
				87FFF04F1D34E9AE007315C7 /* ChooseFileInteractor.swift in Sources */,
				878AF3771CF10A4700CB247B /* KeyType.swift in Sources */,
				8704DECF1D3D03990017F88E /* ProvideKeyPresenter.swift in Sources */,
				87EA7C3F1D40C76D008FB4DA /* QRCode.swift in Sources */,
				873ED7B61CDAAD5E005A8656 /* FileTableViewCell.swift in Sources */,
				874BEC691CE9385400F6CDE9 /* ViewFileViewController.swift in Sources */,
				8789D1991D465CAF0000AA8D /* FileCollectionViewCellProvider.swift in Sources */,
				8730226F1D42197100222606 /* EncryptedFileModels.swift in Sources */,
				87FFF04E1D34E9AE007315C7 /* ChooseFileConfigurator.swift in Sources */,
				870912271D523B66006222BA /* Agrume.swift in Sources */,
				8744EBDD1D636C0500624392 /* Pixel.swift in Sources */,
				87D0AE111D59E190005BDCFD /* ScanningRouter.swift in Sources */,
				874801821D3660D7001A086C /* CollectionViewGridLayout.swift in Sources */,
				8704DEB71D3CD0CC0017F88E /* File.swift in Sources */,
				87B692131CB425E0008ACB6A /* PasswordViewController.swift in Sources */,
				8730226D1D42197100222606 /* EncryptedFileConfigurator.swift in Sources */,
				87736F121D3D49C200B93D7B /* KeyTypeConfigurator.swift in Sources */,
				87736F151D3D49C200B93D7B /* KeyTypePresenter.swift in Sources */,
				879797081CCFA61E0064C3AC /* ManagedFile.swift in Sources */,
				8741CE871CE6872D0034A820 /* LibraryDirectoryViewController.swift in Sources */,
				8704DECC1D3D03990017F88E /* ProvideKeyConfigurator.swift in Sources */,
				878C29A31CF0B9D300323C9D /* FileCollectionViewCell.swift in Sources */,
				8713DE4F1CEFAAF30089C92A /* HomeViewController.swift in Sources */,
				87FFF0311D33ACCE007315C7 /* PasswordPresenter.swift in Sources */,
				87736F161D3D49C200B93D7B /* KeyTypeRouter.swift in Sources */,
				873022701D42197100222606 /* EncryptedFilePresenter.swift in Sources */,
				87D0AE101D59E190005BDCFD /* ScanningPresenter.swift in Sources */,
				87FFF02F1D33ACCE007315C7 /* PasswordInteractor.swift in Sources */,
				8713DE4B1CEFA5400089C92A /* ChooseFileViewController.swift in Sources */,
				873022721D42197100222606 /* EncryptedFileViewController.swift in Sources */,
				87D0AE0F1D59E190005BDCFD /* ScanningModels.swift in Sources */,
				87FFF0521D34E9AE007315C7 /* ChooseFileRouter.swift in Sources */,
				87736F141D3D49C200B93D7B /* KeyTypeModels.swift in Sources */,
				870DBF951D3F932C004430A5 /* NumberOfKeysPresenter.swift in Sources */,
				87DB46051D620E1100F64F35 /* CGPath.swift in Sources */,
				870DBF931D3F932C004430A5 /* NumberOfKeysInteractor.swift in Sources */,
				87D0AE121D59E190005BDCFD /* ScanningViewController.swift in Sources */,
				8704DED01D3D03990017F88E /* ProvideKeyRouter.swift in Sources */,
				8730226E1D42197100222606 /* EncryptedFileInteractor.swift in Sources */,
				875BC69E1D63C70A003457CE /* LinearCongruentialGenerator.swift in Sources */,
				87FFF0531D34E9AE007315C7 /* ChooseFileWorker.swift in Sources */,
				87B509C11CD0B67A00641EC3 /* FileManager.swift in Sources */,
				87FFF0501D34E9AE007315C7 /* ChooseFileModels.swift in Sources */,
				87B6927F1CB45188008ACB6A /* UIViewController.swift in Sources */,
				870DBF941D3F932C004430A5 /* NumberOfKeysModels.swift in Sources */,
				8AE919DA1D2F508A002024AC /* NumberOfKeysViewController.swift in Sources */,
				870DBF921D3F932C004430A5 /* NumberOfKeysConfigurator.swift in Sources */,
				8704DECD1D3D03990017F88E /* ProvideKeyInteractor.swift in Sources */,
				87DB46071D62484900F64F35 /* MetadataOutputObjectsDelegate.swift in Sources */,
				8704DED11D3D03990017F88E /* ProvideKeyViewController.swift in Sources */,
				8704DEB31D3CCD8E0017F88E /* ManagedFile+CoreDataProperties.swift in Sources */,
				87FD45381CE4B32800984269 /* Directory.swift in Sources */,
				87309D011D422E24006E682A /* EncryptedFileDataSource.swift in Sources */,
				87FFF0321D33ACCE007315C7 /* PasswordRouter.swift in Sources */,
				87736F131D3D49C200B93D7B /* KeyTypeInteractor.swift in Sources */,
				8797970E1CCFEFB20064C3AC /* LibraryViewController.swift in Sources */,
				8704DECE1D3D03990017F88E /* ProvideKeyModels.swift in Sources */,
				8748017E1D365349001A086C /* PresentedDataSource.swift in Sources */,
				8704DED51D3D08320017F88E /* Crypto.swift in Sources */,
				87B692111CB425E0008ACB6A /* AppDelegate.swift in Sources */,
				87AEA5F41D48CA63009D8619 /* FileCollectionViewConfigurator.swift in Sources */,
				87D0AE0D1D59E190005BDCFD /* ScanningConfigurator.swift in Sources */,
				87CF826A1D3E3058000147EB /* ProvideKeyCell.swift in Sources */,
				87DB460B1D632C0B00F64F35 /* CryptoFake.swift in Sources */,
				870DBF961D3F932C004430A5 /* NumberOfKeysRouter.swift in Sources */,
				87D0AE0E1D59E190005BDCFD /* ScanningInteractor.swift in Sources */,
				873419B21D37D686005D036C /* GroupLock.xcdatamodeld in Sources */,
				87FFF02E1D33ACCE007315C7 /* PasswordConfigurator.swift in Sources */,
			);
			runOnlyForDeploymentPostprocessing = 0;
		};
		87B692201CB425E0008ACB6A /* Sources */ = {
			isa = PBXSourcesBuildPhase;
			buildActionMask = 2147483647;
			files = (
				87FFF0411D33C020007315C7 /* PasswordViewControllerTests.swift in Sources */,
				870D094F1D47701000B65A0C /* EncryptedFileModelsComparison.swift in Sources */,
				87DA0AF01D65E72100DDBB79 /* ScanningPresenterTests.swift in Sources */,
				87DA0AF11D65E72100DDBB79 /* ScanningViewControllerTests.swift in Sources */,
				87671ECB1D4622A100A0C353 /* EncryptedFileViewControllerTests.swift in Sources */,
				877ED32F1CF7B1E300C5D0D4 /* UIViewControllerTests.swift in Sources */,
				87AEA5F61D48E97A009D8619 /* OptionalArray+XCTAssertEqual.swift in Sources */,
				870DBF9E1D3F9BE9004430A5 /* NumberOfKeysInteractorTests.swift in Sources */,
				87736F1F1D3D565300B93D7B /* KeyTypeViewControllerTests.swift in Sources */,
				87AA218B1D4108BA00FDF227 /* ImageComparison.swift in Sources */,
				87736F1D1D3D565300B93D7B /* KeyTypeInteractorTests.swift in Sources */,
				87671ECE1D46249100A0C353 /* EncryptedFileDataSourceTests.swift in Sources */,
				8741584C1D5203FC004B2D63 /* ProvideKeyPresenterTests.swift in Sources */,
				87FFF0401D33C020007315C7 /* PasswordPresenterTests.swift in Sources */,
				87AA21861D40DE8E00FDF227 /* QRCodeTests.swift in Sources */,
				8748018F1D36C434001A086C /* ChooseFileWorkerTests.swift in Sources */,
				87FFF03F1D33C020007315C7 /* PasswordInteractorTests.swift in Sources */,
				87DA0AF41D65E7E100DDBB79 /* ScanningModelsComparison.swift in Sources */,
				87DA0AEF1D65E72100DDBB79 /* ScanningInteractorTests.swift in Sources */,
				87A2081B1D48025200793B54 /* Extensions.swift in Sources */,
				8748018C1D36C434001A086C /* ChooseFileInteractorTests.swift in Sources */,
				87671EC91D4622A100A0C353 /* EncryptedFileInteractorTests.swift in Sources */,
				8748018E1D36C434001A086C /* ChooseFileViewControllerTests.swift in Sources */,
				8741584B1D5203FC004B2D63 /* ProvideKeyInteractorTests.swift in Sources */,
				8741584D1D5203FC004B2D63 /* ProvideKeyViewControllerTests.swift in Sources */,
				8744EBDF1D63B52F00624392 /* CryptoFakeTests.swift in Sources */,
				874801911D36CB8E001A086C /* PresentedDataSourceTests.swift in Sources */,
				870D09511D477E8D00B65A0C /* EquatableModel+XCTAssertEqual.swift in Sources */,
				87671ECA1D4622A100A0C353 /* EncryptedFilePresenterTests.swift in Sources */,
				8748018D1D36C434001A086C /* ChooseFilePresenterTests.swift in Sources */,
				870DBFA01D3F9BE9004430A5 /* NumberOfKeysViewControllerTests.swift in Sources */,
			);
			runOnlyForDeploymentPostprocessing = 0;
		};
/* End PBXSourcesBuildPhase section */

/* Begin PBXTargetDependency section */
		87B692261CB425E0008ACB6A /* PBXTargetDependency */ = {
			isa = PBXTargetDependency;
			target = 87B6920C1CB425E0008ACB6A /* GroupLock */;
			targetProxy = 87B692251CB425E0008ACB6A /* PBXContainerItemProxy */;
		};
/* End PBXTargetDependency section */

/* Begin PBXVariantGroup section */
		87305BE61CF0885C00CF7A87 /* UI.nss */ = {
			isa = PBXVariantGroup;
			children = (
				87305BE51CF0885C00CF7A87 /* Base */,
			);
			name = UI.nss;
			sourceTree = "<group>";
		};
		87B692141CB425E0008ACB6A /* Main.storyboard */ = {
			isa = PBXVariantGroup;
			children = (
				87B692151CB425E0008ACB6A /* Base */,
			);
			name = Main.storyboard;
			sourceTree = "<group>";
		};
		87B6921C1CB425E0008ACB6A /* LaunchScreen.storyboard */ = {
			isa = PBXVariantGroup;
			children = (
				87B6921D1CB425E0008ACB6A /* Base */,
			);
			name = LaunchScreen.storyboard;
			sourceTree = "<group>";
		};
/* End PBXVariantGroup section */

/* Begin XCBuildConfiguration section */
		87B692361CB425E0008ACB6A /* Debug */ = {
			isa = XCBuildConfiguration;
			buildSettings = {
				ALWAYS_EMBED_SWIFT_STANDARD_LIBRARIES = YES;
				ALWAYS_SEARCH_USER_PATHS = NO;
				CLANG_ANALYZER_NONNULL = YES;
				CLANG_CXX_LANGUAGE_STANDARD = "gnu++0x";
				CLANG_CXX_LIBRARY = "libc++";
				CLANG_ENABLE_MODULES = YES;
				CLANG_ENABLE_OBJC_ARC = YES;
				CLANG_WARN_BOOL_CONVERSION = YES;
				CLANG_WARN_CONSTANT_CONVERSION = YES;
				CLANG_WARN_DIRECT_OBJC_ISA_USAGE = YES_ERROR;
				CLANG_WARN_EMPTY_BODY = YES;
				CLANG_WARN_ENUM_CONVERSION = YES;
				CLANG_WARN_INFINITE_RECURSION = YES;
				CLANG_WARN_INT_CONVERSION = YES;
				CLANG_WARN_OBJC_ROOT_CLASS = YES_ERROR;
				CLANG_WARN_SUSPICIOUS_MOVE = YES;
				CLANG_WARN_UNREACHABLE_CODE = YES;
				CLANG_WARN__DUPLICATE_METHOD_MATCH = YES;
				"CODE_SIGN_IDENTITY[sdk=iphoneos*]" = "iPhone Developer";
				COPY_PHASE_STRIP = NO;
				DEBUG_INFORMATION_FORMAT = dwarf;
				DEFINES_MODULE = NO;
				ENABLE_STRICT_OBJC_MSGSEND = YES;
				ENABLE_TESTABILITY = YES;
				GCC_C_LANGUAGE_STANDARD = gnu99;
				GCC_DYNAMIC_NO_PIC = NO;
				GCC_NO_COMMON_BLOCKS = YES;
				GCC_OPTIMIZATION_LEVEL = 0;
				GCC_PREPROCESSOR_DEFINITIONS = (
					"DEBUG=1",
					"$(inherited)",
				);
				GCC_WARN_64_TO_32_BIT_CONVERSION = YES;
				GCC_WARN_ABOUT_RETURN_TYPE = YES_ERROR;
				GCC_WARN_UNDECLARED_SELECTOR = YES;
				GCC_WARN_UNINITIALIZED_AUTOS = YES_AGGRESSIVE;
				GCC_WARN_UNUSED_FUNCTION = YES;
				GCC_WARN_UNUSED_VARIABLE = YES;
				IPHONEOS_DEPLOYMENT_TARGET = 9.0;
				MTL_ENABLE_DEBUG_INFO = YES;
				ONLY_ACTIVE_ARCH = YES;
				OTHER_SWIFT_FLAGS = "-D DEBUG";
				SDKROOT = iphoneos;
				SWIFT_OPTIMIZATION_LEVEL = "-Onone";
				TARGETED_DEVICE_FAMILY = "1,2";
			};
			name = Debug;
		};
		87B692371CB425E0008ACB6A /* Release */ = {
			isa = XCBuildConfiguration;
			buildSettings = {
				ALWAYS_EMBED_SWIFT_STANDARD_LIBRARIES = YES;
				ALWAYS_SEARCH_USER_PATHS = NO;
				CLANG_ANALYZER_NONNULL = YES;
				CLANG_CXX_LANGUAGE_STANDARD = "gnu++0x";
				CLANG_CXX_LIBRARY = "libc++";
				CLANG_ENABLE_MODULES = YES;
				CLANG_ENABLE_OBJC_ARC = YES;
				CLANG_WARN_BOOL_CONVERSION = YES;
				CLANG_WARN_CONSTANT_CONVERSION = YES;
				CLANG_WARN_DIRECT_OBJC_ISA_USAGE = YES_ERROR;
				CLANG_WARN_EMPTY_BODY = YES;
				CLANG_WARN_ENUM_CONVERSION = YES;
				CLANG_WARN_INFINITE_RECURSION = YES;
				CLANG_WARN_INT_CONVERSION = YES;
				CLANG_WARN_OBJC_ROOT_CLASS = YES_ERROR;
				CLANG_WARN_SUSPICIOUS_MOVE = YES;
				CLANG_WARN_UNREACHABLE_CODE = YES;
				CLANG_WARN__DUPLICATE_METHOD_MATCH = YES;
				"CODE_SIGN_IDENTITY[sdk=iphoneos*]" = "iPhone Developer";
				COPY_PHASE_STRIP = NO;
				DEBUG_INFORMATION_FORMAT = "dwarf-with-dsym";
				DEFINES_MODULE = NO;
				ENABLE_NS_ASSERTIONS = NO;
				ENABLE_STRICT_OBJC_MSGSEND = YES;
				GCC_C_LANGUAGE_STANDARD = gnu99;
				GCC_NO_COMMON_BLOCKS = YES;
				GCC_WARN_64_TO_32_BIT_CONVERSION = YES;
				GCC_WARN_ABOUT_RETURN_TYPE = YES_ERROR;
				GCC_WARN_UNDECLARED_SELECTOR = YES;
				GCC_WARN_UNINITIALIZED_AUTOS = YES_AGGRESSIVE;
				GCC_WARN_UNUSED_FUNCTION = YES;
				GCC_WARN_UNUSED_VARIABLE = YES;
				IPHONEOS_DEPLOYMENT_TARGET = 9.0;
				MTL_ENABLE_DEBUG_INFO = NO;
				OTHER_SWIFT_FLAGS = "-D RELEASE";
				SDKROOT = iphoneos;
				SWIFT_OPTIMIZATION_LEVEL = "-Owholemodule";
				TARGETED_DEVICE_FAMILY = "1,2";
				VALIDATE_PRODUCT = YES;
			};
			name = Release;
		};
		87B692391CB425E0008ACB6A /* Debug */ = {
			isa = XCBuildConfiguration;
			baseConfigurationReference = BFDF8566C80CCDB2E8A9388F /* Pods-GroupLock.debug.xcconfig */;
			buildSettings = {
				ALWAYS_EMBED_SWIFT_STANDARD_LIBRARIES = YES;
				ASSETCATALOG_COMPILER_APPICON_NAME = AppIcon;
				CLANG_ENABLE_MODULES = YES;
				CODE_SIGN_IDENTITY = "iPhone Developer";
				"CODE_SIGN_IDENTITY[sdk=iphoneos*]" = "iPhone Developer";
				DEFINES_MODULE = YES;
				INFOPLIST_FILE = GroupLock/Info.plist;
				IPHONEOS_DEPLOYMENT_TARGET = 9.0;
				LD_RUNPATH_SEARCH_PATHS = "$(inherited) @executable_path/Frameworks";
				OTHER_SWIFT_FLAGS = "$(inherited)";
				PRODUCT_BUNDLE_IDENTIFIER = "lanit-tercom-school.GroupLock";
				PRODUCT_NAME = "$(TARGET_NAME)";
				PROVISIONING_PROFILE = "";
				SWIFT_OPTIMIZATION_LEVEL = "-Onone";
				SWIFT_VERSION = 3.0;
				TARGETED_DEVICE_FAMILY = "1,2";
			};
			name = Debug;
		};
		87B6923A1CB425E0008ACB6A /* Release */ = {
			isa = XCBuildConfiguration;
			baseConfigurationReference = 71996D16419A209B9D5BAD92 /* Pods-GroupLock.release.xcconfig */;
			buildSettings = {
				ALWAYS_EMBED_SWIFT_STANDARD_LIBRARIES = YES;
				ASSETCATALOG_COMPILER_APPICON_NAME = AppIcon;
				CLANG_ENABLE_MODULES = YES;
				CODE_SIGN_IDENTITY = "iPhone Developer";
				"CODE_SIGN_IDENTITY[sdk=iphoneos*]" = "iPhone Developer";
				DEFINES_MODULE = YES;
				INFOPLIST_FILE = GroupLock/Info.plist;
				IPHONEOS_DEPLOYMENT_TARGET = 9.0;
				LD_RUNPATH_SEARCH_PATHS = "$(inherited) @executable_path/Frameworks";
				OTHER_SWIFT_FLAGS = "$(inherited)";
				PRODUCT_BUNDLE_IDENTIFIER = "lanit-tercom-school.GroupLock";
				PRODUCT_NAME = "$(TARGET_NAME)";
				PROVISIONING_PROFILE = "";
				SWIFT_VERSION = 3.0;
				TARGETED_DEVICE_FAMILY = "1,2";
			};
			name = Release;
		};
		87B6923C1CB425E0008ACB6A /* Debug */ = {
			isa = XCBuildConfiguration;
			baseConfigurationReference = 21A2E2B00C09373CFA5A4705 /* Pods-GroupLockTests.debug.xcconfig */;
			buildSettings = {
				ALWAYS_EMBED_SWIFT_STANDARD_LIBRARIES = YES;
				BUNDLE_LOADER = "$(TEST_HOST)";
				INFOPLIST_FILE = GroupLockTests/Info.plist;
				LD_RUNPATH_SEARCH_PATHS = "$(inherited) @executable_path/Frameworks @loader_path/Frameworks";
				PRODUCT_BUNDLE_IDENTIFIER = "lanit-tercom-school.GroupLockTests";
				PRODUCT_NAME = "$(TARGET_NAME)";
				SWIFT_VERSION = 3.0;
				TEST_HOST = "$(BUILT_PRODUCTS_DIR)/GroupLock.app/GroupLock";
			};
			name = Debug;
		};
		87B6923D1CB425E0008ACB6A /* Release */ = {
			isa = XCBuildConfiguration;
			baseConfigurationReference = AF19EA1836F48CDF9CE2777A /* Pods-GroupLockTests.release.xcconfig */;
			buildSettings = {
				ALWAYS_EMBED_SWIFT_STANDARD_LIBRARIES = YES;
				BUNDLE_LOADER = "$(TEST_HOST)";
				INFOPLIST_FILE = GroupLockTests/Info.plist;
				LD_RUNPATH_SEARCH_PATHS = "$(inherited) @executable_path/Frameworks @loader_path/Frameworks";
				PRODUCT_BUNDLE_IDENTIFIER = "lanit-tercom-school.GroupLockTests";
				PRODUCT_NAME = "$(TARGET_NAME)";
				SWIFT_VERSION = 3.0;
				TEST_HOST = "$(BUILT_PRODUCTS_DIR)/GroupLock.app/GroupLock";
			};
			name = Release;
		};
/* End XCBuildConfiguration section */

/* Begin XCConfigurationList section */
		87B692081CB425E0008ACB6A /* Build configuration list for PBXProject "GroupLock" */ = {
			isa = XCConfigurationList;
			buildConfigurations = (
				87B692361CB425E0008ACB6A /* Debug */,
				87B692371CB425E0008ACB6A /* Release */,
			);
			defaultConfigurationIsVisible = 0;
			defaultConfigurationName = Release;
		};
		87B692381CB425E0008ACB6A /* Build configuration list for PBXNativeTarget "GroupLock" */ = {
			isa = XCConfigurationList;
			buildConfigurations = (
				87B692391CB425E0008ACB6A /* Debug */,
				87B6923A1CB425E0008ACB6A /* Release */,
			);
			defaultConfigurationIsVisible = 0;
			defaultConfigurationName = Release;
		};
		87B6923B1CB425E0008ACB6A /* Build configuration list for PBXNativeTarget "GroupLockTests" */ = {
			isa = XCConfigurationList;
			buildConfigurations = (
				87B6923C1CB425E0008ACB6A /* Debug */,
				87B6923D1CB425E0008ACB6A /* Release */,
			);
			defaultConfigurationIsVisible = 0;
			defaultConfigurationName = Release;
		};
/* End XCConfigurationList section */

/* Begin XCVersionGroup section */
		873419B01D37D686005D036C /* GroupLock.xcdatamodeld */ = {
			isa = XCVersionGroup;
			children = (
				873419B11D37D686005D036C /* GroupLock.xcdatamodel */,
			);
			currentVersion = 873419B11D37D686005D036C /* GroupLock.xcdatamodel */;
			name = GroupLock.xcdatamodeld;
			path = CoreData/GroupLock.xcdatamodeld;
			sourceTree = "<group>";
			versionGroupType = wrapper.xcdatamodel;
		};
/* End XCVersionGroup section */
	};
	rootObject = 87B692051CB425E0008ACB6A /* Project object */;
}
