// !$*UTF8*$!
{
	archiveVersion = 1;
	classes = {
	};
	objectVersion = 46;
	objects = {

/* Begin PBXBuildFile section */
		7BABCA666A589AF80007FE12 /* Pods_GroupLock.framework in Frameworks */ = {isa = PBXBuildFile; fileRef = 96E5492D4816B7DA3EE8F45D /* Pods_GroupLock.framework */; };
		870C407D1CC69EAF00BE4BD0 /* PasswordViewControllerTests.swift in Sources */ = {isa = PBXBuildFile; fileRef = 870C407C1CC69EAF00BE4BD0 /* PasswordViewControllerTests.swift */; };
		879797071CCFA61E0064C3AC /* File+CoreDataProperties.swift in Sources */ = {isa = PBXBuildFile; fileRef = 879797031CCFA61E0064C3AC /* File+CoreDataProperties.swift */; };
		879797081CCFA61E0064C3AC /* File.swift in Sources */ = {isa = PBXBuildFile; fileRef = 879797041CCFA61E0064C3AC /* File.swift */; };
		879797091CCFA61E0064C3AC /* Folder+CoreDataProperties.swift in Sources */ = {isa = PBXBuildFile; fileRef = 879797051CCFA61E0064C3AC /* Folder+CoreDataProperties.swift */; };
		8797970A1CCFA61E0064C3AC /* Folder.swift in Sources */ = {isa = PBXBuildFile; fileRef = 879797061CCFA61E0064C3AC /* Folder.swift */; };
		8797970C1CCFD7400064C3AC /* default_folders.json in Resources */ = {isa = PBXBuildFile; fileRef = 8797970B1CCFD7400064C3AC /* default_folders.json */; };
		8797970E1CCFEFB20064C3AC /* LibraryViewController.swift in Sources */ = {isa = PBXBuildFile; fileRef = 8797970D1CCFEFB20064C3AC /* LibraryViewController.swift */; };
		879797101CCFF4180064C3AC /* FolderTableViewCell.swift in Sources */ = {isa = PBXBuildFile; fileRef = 8797970F1CCFF4180064C3AC /* FolderTableViewCell.swift */; };
		87B072C81CC0E13000916D09 /* NUIViewTests.swift in Sources */ = {isa = PBXBuildFile; fileRef = 87B072C71CC0E13000916D09 /* NUIViewTests.swift */; };
		87B072CE1CC15FF700916D09 /* NUITests.nss in Resources */ = {isa = PBXBuildFile; fileRef = 87B072CD1CC15FF700916D09 /* NUITests.nss */; };
		87B072D11CC1659700916D09 /* NUITests.nss in Resources */ = {isa = PBXBuildFile; fileRef = 87B072CD1CC15FF700916D09 /* NUITests.nss */; };
		87B072D51CC1680F00916D09 /* NUINavigationBarTests.swift in Sources */ = {isa = PBXBuildFile; fileRef = 87B072D41CC1680F00916D09 /* NUINavigationBarTests.swift */; };
		87B072D91CC188EC00916D09 /* NUITabBarTests.swift in Sources */ = {isa = PBXBuildFile; fileRef = 87B072D81CC188EC00916D09 /* NUITabBarTests.swift */; };
		87B072DB1CC1AB4200916D09 /* NUIBarButtonTests.swift in Sources */ = {isa = PBXBuildFile; fileRef = 87B072DA1CC1AB4200916D09 /* NUIBarButtonTests.swift */; };
		87B072DD1CC1AD9C00916D09 /* NUIButtonTests.swift in Sources */ = {isa = PBXBuildFile; fileRef = 87B072DC1CC1AD9C00916D09 /* NUIButtonTests.swift */; };
		87B072DF1CC1B13600916D09 /* NUITextFieldTests.swift in Sources */ = {isa = PBXBuildFile; fileRef = 87B072DE1CC1B13600916D09 /* NUITextFieldTests.swift */; };
		87B072E21CC1B7B300916D09 /* NUIPasswordViewTests.swift in Sources */ = {isa = PBXBuildFile; fileRef = 87B072E11CC1B7B300916D09 /* NUIPasswordViewTests.swift */; };
		87B072E41CC1B8E600916D09 /* NUIProceedButtonTests.swift in Sources */ = {isa = PBXBuildFile; fileRef = 87B072E31CC1B8E600916D09 /* NUIProceedButtonTests.swift */; };
		87B072E71CC1B9F900916D09 /* NUIEnterPasswordLabelTests.swift in Sources */ = {isa = PBXBuildFile; fileRef = 87B072E61CC1B9F900916D09 /* NUIEnterPasswordLabelTests.swift */; };
		87B692111CB425E0008ACB6A /* AppDelegate.swift in Sources */ = {isa = PBXBuildFile; fileRef = 87B692101CB425E0008ACB6A /* AppDelegate.swift */; };
		87B692131CB425E0008ACB6A /* PasswordViewController.swift in Sources */ = {isa = PBXBuildFile; fileRef = 87B692121CB425E0008ACB6A /* PasswordViewController.swift */; };
		87B692161CB425E0008ACB6A /* Main.storyboard in Resources */ = {isa = PBXBuildFile; fileRef = 87B692141CB425E0008ACB6A /* Main.storyboard */; };
		87B692191CB425E0008ACB6A /* GroupLock.xcdatamodeld in Sources */ = {isa = PBXBuildFile; fileRef = 87B692171CB425E0008ACB6A /* GroupLock.xcdatamodeld */; };
		87B6921B1CB425E0008ACB6A /* Assets.xcassets in Resources */ = {isa = PBXBuildFile; fileRef = 87B6921A1CB425E0008ACB6A /* Assets.xcassets */; };
		87B6921E1CB425E0008ACB6A /* LaunchScreen.storyboard in Resources */ = {isa = PBXBuildFile; fileRef = 87B6921C1CB425E0008ACB6A /* LaunchScreen.storyboard */; };
		87B6927F1CB45188008ACB6A /* UIViewController.swift in Sources */ = {isa = PBXBuildFile; fileRef = 87B6927E1CB45188008ACB6A /* UIViewController.swift */; };
		87DE60DE1CB46373005EA79E /* LocalAuthentication.framework in Frameworks */ = {isa = PBXBuildFile; fileRef = 87DE60DD1CB46373005EA79E /* LocalAuthentication.framework */; };
		87F118EE1CBEFDD80038F956 /* UI.nss in Resources */ = {isa = PBXBuildFile; fileRef = 87F118ED1CBEFDD80038F956 /* UI.nss */; };
		87F118F01CBF0CD40038F956 /* NUI.framework in Frameworks */ = {isa = PBXBuildFile; fileRef = 87F118EF1CBF0CD40038F956 /* NUI.framework */; };
		87F118F21CBF0CD60038F956 /* NUIParse.framework in Frameworks */ = {isa = PBXBuildFile; fileRef = 87F118F11CBF0CD60038F956 /* NUIParse.framework */; };
/* End PBXBuildFile section */

/* Begin PBXContainerItemProxy section */
		87B692251CB425E0008ACB6A /* PBXContainerItemProxy */ = {
			isa = PBXContainerItemProxy;
			containerPortal = 87B692051CB425E0008ACB6A /* Project object */;
			proxyType = 1;
			remoteGlobalIDString = 87B6920C1CB425E0008ACB6A;
			remoteInfo = GroupLock;
		};
		87B692301CB425E0008ACB6A /* PBXContainerItemProxy */ = {
			isa = PBXContainerItemProxy;
			containerPortal = 87B692051CB425E0008ACB6A /* Project object */;
			proxyType = 1;
			remoteGlobalIDString = 87B6920C1CB425E0008ACB6A;
			remoteInfo = GroupLock;
		};
/* End PBXContainerItemProxy section */

/* Begin PBXFileReference section */
		4EE77687B0E1F1453E33B6F6 /* Pods-GroupLock.debug.xcconfig */ = {isa = PBXFileReference; includeInIndex = 1; lastKnownFileType = text.xcconfig; name = "Pods-GroupLock.debug.xcconfig"; path = "Pods/Target Support Files/Pods-GroupLock/Pods-GroupLock.debug.xcconfig"; sourceTree = "<group>"; };
		870C407C1CC69EAF00BE4BD0 /* PasswordViewControllerTests.swift */ = {isa = PBXFileReference; fileEncoding = 4; lastKnownFileType = sourcecode.swift; path = PasswordViewControllerTests.swift; sourceTree = "<group>"; };
		879796E71CCF9B4F0064C3AC /* NUI.framework */ = {isa = PBXFileReference; lastKnownFileType = wrapper.framework; name = NUI.framework; path = "../../../Library/Developer/Xcode/DerivedData/GroupLock-buohvxdmrbgottfowybkjnxebhfv/Build/Products/Debug-iphoneos/NUI.framework"; sourceTree = "<group>"; };
		879796E81CCF9B4F0064C3AC /* NUIParse.framework */ = {isa = PBXFileReference; lastKnownFileType = wrapper.framework; name = NUIParse.framework; path = "../../../Library/Developer/Xcode/DerivedData/GroupLock-buohvxdmrbgottfowybkjnxebhfv/Build/Products/Debug-iphoneos/NUIParse.framework"; sourceTree = "<group>"; };
		879797031CCFA61E0064C3AC /* File+CoreDataProperties.swift */ = {isa = PBXFileReference; fileEncoding = 4; lastKnownFileType = sourcecode.swift; path = "File+CoreDataProperties.swift"; sourceTree = "<group>"; };
		879797041CCFA61E0064C3AC /* File.swift */ = {isa = PBXFileReference; fileEncoding = 4; lastKnownFileType = sourcecode.swift; path = File.swift; sourceTree = "<group>"; };
		879797051CCFA61E0064C3AC /* Folder+CoreDataProperties.swift */ = {isa = PBXFileReference; fileEncoding = 4; lastKnownFileType = sourcecode.swift; path = "Folder+CoreDataProperties.swift"; sourceTree = "<group>"; };
		879797061CCFA61E0064C3AC /* Folder.swift */ = {isa = PBXFileReference; fileEncoding = 4; lastKnownFileType = sourcecode.swift; path = Folder.swift; sourceTree = "<group>"; };
		8797970B1CCFD7400064C3AC /* default_folders.json */ = {isa = PBXFileReference; fileEncoding = 4; lastKnownFileType = text.json; path = default_folders.json; sourceTree = "<group>"; };
		8797970D1CCFEFB20064C3AC /* LibraryViewController.swift */ = {isa = PBXFileReference; fileEncoding = 4; lastKnownFileType = sourcecode.swift; path = LibraryViewController.swift; sourceTree = "<group>"; };
		8797970F1CCFF4180064C3AC /* FolderTableViewCell.swift */ = {isa = PBXFileReference; fileEncoding = 4; lastKnownFileType = sourcecode.swift; path = FolderTableViewCell.swift; sourceTree = "<group>"; };
		87B072C71CC0E13000916D09 /* NUIViewTests.swift */ = {isa = PBXFileReference; fileEncoding = 4; lastKnownFileType = sourcecode.swift; path = NUIViewTests.swift; sourceTree = "<group>"; };
		87B072CD1CC15FF700916D09 /* NUITests.nss */ = {isa = PBXFileReference; fileEncoding = 4; lastKnownFileType = text; path = NUITests.nss; sourceTree = "<group>"; };
		87B072D41CC1680F00916D09 /* NUINavigationBarTests.swift */ = {isa = PBXFileReference; fileEncoding = 4; lastKnownFileType = sourcecode.swift; path = NUINavigationBarTests.swift; sourceTree = "<group>"; };
		87B072D81CC188EC00916D09 /* NUITabBarTests.swift */ = {isa = PBXFileReference; fileEncoding = 4; lastKnownFileType = sourcecode.swift; path = NUITabBarTests.swift; sourceTree = "<group>"; };
		87B072DA1CC1AB4200916D09 /* NUIBarButtonTests.swift */ = {isa = PBXFileReference; fileEncoding = 4; lastKnownFileType = sourcecode.swift; path = NUIBarButtonTests.swift; sourceTree = "<group>"; };
		87B072DC1CC1AD9C00916D09 /* NUIButtonTests.swift */ = {isa = PBXFileReference; fileEncoding = 4; lastKnownFileType = sourcecode.swift; path = NUIButtonTests.swift; sourceTree = "<group>"; };
		87B072DE1CC1B13600916D09 /* NUITextFieldTests.swift */ = {isa = PBXFileReference; fileEncoding = 4; lastKnownFileType = sourcecode.swift; path = NUITextFieldTests.swift; sourceTree = "<group>"; };
		87B072E11CC1B7B300916D09 /* NUIPasswordViewTests.swift */ = {isa = PBXFileReference; fileEncoding = 4; lastKnownFileType = sourcecode.swift; path = NUIPasswordViewTests.swift; sourceTree = "<group>"; };
		87B072E31CC1B8E600916D09 /* NUIProceedButtonTests.swift */ = {isa = PBXFileReference; fileEncoding = 4; lastKnownFileType = sourcecode.swift; path = NUIProceedButtonTests.swift; sourceTree = "<group>"; };
		87B072E61CC1B9F900916D09 /* NUIEnterPasswordLabelTests.swift */ = {isa = PBXFileReference; fileEncoding = 4; lastKnownFileType = sourcecode.swift; path = NUIEnterPasswordLabelTests.swift; sourceTree = "<group>"; };
		87B6920D1CB425E0008ACB6A /* GroupLock.app */ = {isa = PBXFileReference; explicitFileType = wrapper.application; includeInIndex = 0; path = GroupLock.app; sourceTree = BUILT_PRODUCTS_DIR; };
		87B692101CB425E0008ACB6A /* AppDelegate.swift */ = {isa = PBXFileReference; lastKnownFileType = sourcecode.swift; path = AppDelegate.swift; sourceTree = "<group>"; };
		87B692121CB425E0008ACB6A /* PasswordViewController.swift */ = {isa = PBXFileReference; indentWidth = 4; lastKnownFileType = sourcecode.swift; path = PasswordViewController.swift; sourceTree = "<group>"; tabWidth = 4; };
		87B692151CB425E0008ACB6A /* Base */ = {isa = PBXFileReference; lastKnownFileType = file.storyboard; name = Base; path = Base.lproj/Main.storyboard; sourceTree = "<group>"; };
		87B692181CB425E0008ACB6A /* GroupLock.xcdatamodel */ = {isa = PBXFileReference; lastKnownFileType = wrapper.xcdatamodel; path = GroupLock.xcdatamodel; sourceTree = "<group>"; };
		87B6921A1CB425E0008ACB6A /* Assets.xcassets */ = {isa = PBXFileReference; lastKnownFileType = folder.assetcatalog; path = Assets.xcassets; sourceTree = "<group>"; };
		87B6921D1CB425E0008ACB6A /* Base */ = {isa = PBXFileReference; lastKnownFileType = file.storyboard; name = Base; path = Base.lproj/LaunchScreen.storyboard; sourceTree = "<group>"; };
		87B6921F1CB425E0008ACB6A /* Info.plist */ = {isa = PBXFileReference; lastKnownFileType = text.plist.xml; path = Info.plist; sourceTree = "<group>"; };
		87B692241CB425E0008ACB6A /* GroupLockTests.xctest */ = {isa = PBXFileReference; explicitFileType = wrapper.cfbundle; includeInIndex = 0; path = GroupLockTests.xctest; sourceTree = BUILT_PRODUCTS_DIR; };
		87B6922A1CB425E0008ACB6A /* Info.plist */ = {isa = PBXFileReference; lastKnownFileType = text.plist.xml; path = Info.plist; sourceTree = "<group>"; };
		87B6922F1CB425E0008ACB6A /* GroupLockUITests.xctest */ = {isa = PBXFileReference; explicitFileType = wrapper.cfbundle; includeInIndex = 0; path = GroupLockUITests.xctest; sourceTree = BUILT_PRODUCTS_DIR; };
		87B692351CB425E0008ACB6A /* Info.plist */ = {isa = PBXFileReference; lastKnownFileType = text.plist.xml; path = Info.plist; sourceTree = "<group>"; };
		87B6927E1CB45188008ACB6A /* UIViewController.swift */ = {isa = PBXFileReference; fileEncoding = 4; indentWidth = 4; lastKnownFileType = sourcecode.swift; path = UIViewController.swift; sourceTree = "<group>"; tabWidth = 4; };
		87DE60DD1CB46373005EA79E /* LocalAuthentication.framework */ = {isa = PBXFileReference; lastKnownFileType = wrapper.framework; name = LocalAuthentication.framework; path = System/Library/Frameworks/LocalAuthentication.framework; sourceTree = SDKROOT; };
		87F118ED1CBEFDD80038F956 /* UI.nss */ = {isa = PBXFileReference; fileEncoding = 4; lastKnownFileType = text; path = UI.nss; sourceTree = "<group>"; };
		87F118EF1CBF0CD40038F956 /* NUI.framework */ = {isa = PBXFileReference; lastKnownFileType = wrapper.framework; name = NUI.framework; path = "../../../Library/Developer/Xcode/DerivedData/GroupLock-ffmgilidnbhbqnfkgswyglwucvmu/Build/Products/Debug-iphonesimulator/NUI.framework"; sourceTree = "<group>"; };
		87F118F11CBF0CD60038F956 /* NUIParse.framework */ = {isa = PBXFileReference; lastKnownFileType = wrapper.framework; name = NUIParse.framework; path = "../../../Library/Developer/Xcode/DerivedData/GroupLock-ffmgilidnbhbqnfkgswyglwucvmu/Build/Products/Debug-iphonesimulator/NUIParse.framework"; sourceTree = "<group>"; };
		96E5492D4816B7DA3EE8F45D /* Pods_GroupLock.framework */ = {isa = PBXFileReference; explicitFileType = wrapper.framework; includeInIndex = 0; path = Pods_GroupLock.framework; sourceTree = BUILT_PRODUCTS_DIR; };
		B1BED2D33CECDB83089990DD /* Pods-GroupLock.release.xcconfig */ = {isa = PBXFileReference; includeInIndex = 1; lastKnownFileType = text.xcconfig; name = "Pods-GroupLock.release.xcconfig"; path = "Pods/Target Support Files/Pods-GroupLock/Pods-GroupLock.release.xcconfig"; sourceTree = "<group>"; };
/* End PBXFileReference section */

/* Begin PBXFrameworksBuildPhase section */
		87B6920A1CB425E0008ACB6A /* Frameworks */ = {
			isa = PBXFrameworksBuildPhase;
			buildActionMask = 2147483647;
			files = (
				87F118F21CBF0CD60038F956 /* NUIParse.framework in Frameworks */,
				87F118F01CBF0CD40038F956 /* NUI.framework in Frameworks */,
				87DE60DE1CB46373005EA79E /* LocalAuthentication.framework in Frameworks */,
				7BABCA666A589AF80007FE12 /* Pods_GroupLock.framework in Frameworks */,
			);
			runOnlyForDeploymentPostprocessing = 0;
		};
		87B692211CB425E0008ACB6A /* Frameworks */ = {
			isa = PBXFrameworksBuildPhase;
			buildActionMask = 2147483647;
			files = (
			);
			runOnlyForDeploymentPostprocessing = 0;
		};
		87B6922C1CB425E0008ACB6A /* Frameworks */ = {
			isa = PBXFrameworksBuildPhase;
			buildActionMask = 2147483647;
			files = (
			);
			runOnlyForDeploymentPostprocessing = 0;
		};
/* End PBXFrameworksBuildPhase section */

/* Begin PBXGroup section */
		01A7C6A515754F8BA8F2769D /* Pods */ = {
			isa = PBXGroup;
			children = (
				4EE77687B0E1F1453E33B6F6 /* Pods-GroupLock.debug.xcconfig */,
				B1BED2D33CECDB83089990DD /* Pods-GroupLock.release.xcconfig */,
			);
			name = Pods;
			sourceTree = "<group>";
		};
		8748B2AD1CBFB031000C57EB /* Class Extensions */ = {
			isa = PBXGroup;
			children = (
				87B6927E1CB45188008ACB6A /* UIViewController.swift */,
			);
			name = "Class Extensions";
			sourceTree = "<group>";
		};
		879797021CCFA5FC0064C3AC /* CoreData */ = {
			isa = PBXGroup;
			children = (
				8797970B1CCFD7400064C3AC /* default_folders.json */,
				879797031CCFA61E0064C3AC /* File+CoreDataProperties.swift */,
				879797041CCFA61E0064C3AC /* File.swift */,
				879797051CCFA61E0064C3AC /* Folder+CoreDataProperties.swift */,
				879797061CCFA61E0064C3AC /* Folder.swift */,
				87B692171CB425E0008ACB6A /* GroupLock.xcdatamodeld */,
			);
			name = CoreData;
			sourceTree = "<group>";
		};
		87B072C61CC0E0C400916D09 /* NUITests */ = {
			isa = PBXGroup;
			children = (
				87B072C71CC0E13000916D09 /* NUIViewTests.swift */,
				87B072D41CC1680F00916D09 /* NUINavigationBarTests.swift */,
				87B072D81CC188EC00916D09 /* NUITabBarTests.swift */,
				87B072DA1CC1AB4200916D09 /* NUIBarButtonTests.swift */,
				87B072DC1CC1AD9C00916D09 /* NUIButtonTests.swift */,
				87B072DE1CC1B13600916D09 /* NUITextFieldTests.swift */,
				87B072E01CC1B77600916D09 /* PasswordViewController Custom Classes */,
				87B072CD1CC15FF700916D09 /* NUITests.nss */,
			);
			name = NUITests;
			sourceTree = "<group>";
		};
		87B072E01CC1B77600916D09 /* PasswordViewController Custom Classes */ = {
			isa = PBXGroup;
			children = (
				87B072E11CC1B7B300916D09 /* NUIPasswordViewTests.swift */,
				87B072E31CC1B8E600916D09 /* NUIProceedButtonTests.swift */,
				87B072E61CC1B9F900916D09 /* NUIEnterPasswordLabelTests.swift */,
			);
			name = "PasswordViewController Custom Classes";
			sourceTree = "<group>";
		};
		87B692041CB425E0008ACB6A = {
			isa = PBXGroup;
			children = (
				87DE60DD1CB46373005EA79E /* LocalAuthentication.framework */,
				87B6920F1CB425E0008ACB6A /* GroupLock */,
				87B692271CB425E0008ACB6A /* GroupLockTests */,
				87B692321CB425E0008ACB6A /* GroupLockUITests */,
				87B6920E1CB425E0008ACB6A /* Products */,
				ED68019345A0323D60D469A2 /* Frameworks */,
				01A7C6A515754F8BA8F2769D /* Pods */,
			);
			indentWidth = 4;
			sourceTree = "<group>";
			tabWidth = 4;
		};
		87B6920E1CB425E0008ACB6A /* Products */ = {
			isa = PBXGroup;
			children = (
				87B6920D1CB425E0008ACB6A /* GroupLock.app */,
				87B692241CB425E0008ACB6A /* GroupLockTests.xctest */,
				87B6922F1CB425E0008ACB6A /* GroupLockUITests.xctest */,
			);
			name = Products;
			sourceTree = "<group>";
		};
		87B6920F1CB425E0008ACB6A /* GroupLock */ = {
			isa = PBXGroup;
			children = (
				8748B2AD1CBFB031000C57EB /* Class Extensions */,
				87F118ED1CBEFDD80038F956 /* UI.nss */,
				87B692101CB425E0008ACB6A /* AppDelegate.swift */,
				87B692121CB425E0008ACB6A /* PasswordViewController.swift */,
				8797970D1CCFEFB20064C3AC /* LibraryViewController.swift */,
				8797970F1CCFF4180064C3AC /* FolderTableViewCell.swift */,
				87B692141CB425E0008ACB6A /* Main.storyboard */,
				87B6921A1CB425E0008ACB6A /* Assets.xcassets */,
				87B6921C1CB425E0008ACB6A /* LaunchScreen.storyboard */,
				87B6921F1CB425E0008ACB6A /* Info.plist */,
				879797021CCFA5FC0064C3AC /* CoreData */,
			);
			path = GroupLock;
			sourceTree = "<group>";
		};
		87B692271CB425E0008ACB6A /* GroupLockTests */ = {
			isa = PBXGroup;
			children = (
				87B072C61CC0E0C400916D09 /* NUITests */,
				87B6922A1CB425E0008ACB6A /* Info.plist */,
			);
			path = GroupLockTests;
			sourceTree = "<group>";
		};
		87B692321CB425E0008ACB6A /* GroupLockUITests */ = {
			isa = PBXGroup;
			children = (
				870C407C1CC69EAF00BE4BD0 /* PasswordViewControllerTests.swift */,
				87B692351CB425E0008ACB6A /* Info.plist */,
			);
			path = GroupLockUITests;
			sourceTree = "<group>";
		};
		ED68019345A0323D60D469A2 /* Frameworks */ = {
			isa = PBXGroup;
			children = (
				879796E71CCF9B4F0064C3AC /* NUI.framework */,
				879796E81CCF9B4F0064C3AC /* NUIParse.framework */,
				87F118F11CBF0CD60038F956 /* NUIParse.framework */,
				87F118EF1CBF0CD40038F956 /* NUI.framework */,
				96E5492D4816B7DA3EE8F45D /* Pods_GroupLock.framework */,
			);
			name = Frameworks;
			sourceTree = "<group>";
		};
/* End PBXGroup section */

/* Begin PBXNativeTarget section */
		87B6920C1CB425E0008ACB6A /* GroupLock */ = {
			isa = PBXNativeTarget;
			buildConfigurationList = 87B692381CB425E0008ACB6A /* Build configuration list for PBXNativeTarget "GroupLock" */;
			buildPhases = (
				423EEAF086366E2F0DAC37B2 /* Check Pods Manifest.lock */,
				87B692091CB425E0008ACB6A /* Sources */,
				87B6920A1CB425E0008ACB6A /* Frameworks */,
				87B6920B1CB425E0008ACB6A /* Resources */,
				C184C9577A401136E0FCC5CF /* Embed Pods Frameworks */,
				3102A2EAB475018FE0FBAA6B /* Copy Pods Resources */,
			);
			buildRules = (
			);
			dependencies = (
			);
			name = GroupLock;
			productName = GroupLock;
			productReference = 87B6920D1CB425E0008ACB6A /* GroupLock.app */;
			productType = "com.apple.product-type.application";
		};
		87B692231CB425E0008ACB6A /* GroupLockTests */ = {
			isa = PBXNativeTarget;
			buildConfigurationList = 87B6923B1CB425E0008ACB6A /* Build configuration list for PBXNativeTarget "GroupLockTests" */;
			buildPhases = (
				87B692201CB425E0008ACB6A /* Sources */,
				87B692211CB425E0008ACB6A /* Frameworks */,
				87B692221CB425E0008ACB6A /* Resources */,
			);
			buildRules = (
			);
			dependencies = (
				87B692261CB425E0008ACB6A /* PBXTargetDependency */,
			);
			name = GroupLockTests;
			productName = GroupLockTests;
			productReference = 87B692241CB425E0008ACB6A /* GroupLockTests.xctest */;
			productType = "com.apple.product-type.bundle.unit-test";
		};
		87B6922E1CB425E0008ACB6A /* GroupLockUITests */ = {
			isa = PBXNativeTarget;
			buildConfigurationList = 87B6923E1CB425E0008ACB6A /* Build configuration list for PBXNativeTarget "GroupLockUITests" */;
			buildPhases = (
				87B6922B1CB425E0008ACB6A /* Sources */,
				87B6922C1CB425E0008ACB6A /* Frameworks */,
				87B6922D1CB425E0008ACB6A /* Resources */,
			);
			buildRules = (
			);
			dependencies = (
				87B692311CB425E0008ACB6A /* PBXTargetDependency */,
			);
			name = GroupLockUITests;
			productName = GroupLockUITests;
			productReference = 87B6922F1CB425E0008ACB6A /* GroupLockUITests.xctest */;
			productType = "com.apple.product-type.bundle.ui-testing";
		};
/* End PBXNativeTarget section */

/* Begin PBXProject section */
		87B692051CB425E0008ACB6A /* Project object */ = {
			isa = PBXProject;
			attributes = {
				LastSwiftUpdateCheck = 0730;
				LastUpgradeCheck = 0730;
				ORGANIZATIONNAME = "Lanit-Tercom School";
				TargetAttributes = {
					87B6920C1CB425E0008ACB6A = {
						CreatedOnToolsVersion = 7.3;
						DevelopmentTeam = N4X84VA3BB;
					};
					87B692231CB425E0008ACB6A = {
						CreatedOnToolsVersion = 7.3;
						DevelopmentTeam = N4X84VA3BB;
						TestTargetID = 87B6920C1CB425E0008ACB6A;
					};
					87B6922E1CB425E0008ACB6A = {
						CreatedOnToolsVersion = 7.3;
						DevelopmentTeam = N4X84VA3BB;
						TestTargetID = 87B6920C1CB425E0008ACB6A;
					};
				};
			};
			buildConfigurationList = 87B692081CB425E0008ACB6A /* Build configuration list for PBXProject "GroupLock" */;
			compatibilityVersion = "Xcode 3.2";
			developmentRegion = English;
			hasScannedForEncodings = 0;
			knownRegions = (
				en,
				Base,
			);
			mainGroup = 87B692041CB425E0008ACB6A;
			productRefGroup = 87B6920E1CB425E0008ACB6A /* Products */;
			projectDirPath = "";
			projectRoot = "";
			targets = (
				87B6920C1CB425E0008ACB6A /* GroupLock */,
				87B692231CB425E0008ACB6A /* GroupLockTests */,
				87B6922E1CB425E0008ACB6A /* GroupLockUITests */,
			);
		};
/* End PBXProject section */

/* Begin PBXResourcesBuildPhase section */
		87B6920B1CB425E0008ACB6A /* Resources */ = {
			isa = PBXResourcesBuildPhase;
			buildActionMask = 2147483647;
			files = (
				87B072D11CC1659700916D09 /* NUITests.nss in Resources */,
				87B6921E1CB425E0008ACB6A /* LaunchScreen.storyboard in Resources */,
				87B6921B1CB425E0008ACB6A /* Assets.xcassets in Resources */,
				87F118EE1CBEFDD80038F956 /* UI.nss in Resources */,
				8797970C1CCFD7400064C3AC /* default_folders.json in Resources */,
				87B692161CB425E0008ACB6A /* Main.storyboard in Resources */,
			);
			runOnlyForDeploymentPostprocessing = 0;
		};
		87B692221CB425E0008ACB6A /* Resources */ = {
			isa = PBXResourcesBuildPhase;
			buildActionMask = 2147483647;
			files = (
				87B072CE1CC15FF700916D09 /* NUITests.nss in Resources */,
			);
			runOnlyForDeploymentPostprocessing = 0;
		};
		87B6922D1CB425E0008ACB6A /* Resources */ = {
			isa = PBXResourcesBuildPhase;
			buildActionMask = 2147483647;
			files = (
			);
			runOnlyForDeploymentPostprocessing = 0;
		};
/* End PBXResourcesBuildPhase section */

/* Begin PBXShellScriptBuildPhase section */
		3102A2EAB475018FE0FBAA6B /* Copy Pods Resources */ = {
			isa = PBXShellScriptBuildPhase;
			buildActionMask = 2147483647;
			files = (
			);
			inputPaths = (
			);
			name = "Copy Pods Resources";
			outputPaths = (
			);
			runOnlyForDeploymentPostprocessing = 0;
			shellPath = /bin/sh;
			shellScript = "\"${SRCROOT}/Pods/Target Support Files/Pods-GroupLock/Pods-GroupLock-resources.sh\"\n";
			showEnvVarsInLog = 0;
		};
		423EEAF086366E2F0DAC37B2 /* Check Pods Manifest.lock */ = {
			isa = PBXShellScriptBuildPhase;
			buildActionMask = 2147483647;
			files = (
			);
			inputPaths = (
			);
			name = "Check Pods Manifest.lock";
			outputPaths = (
			);
			runOnlyForDeploymentPostprocessing = 0;
			shellPath = /bin/sh;
			shellScript = "diff \"${PODS_ROOT}/../Podfile.lock\" \"${PODS_ROOT}/Manifest.lock\" > /dev/null\nif [[ $? != 0 ]] ; then\n    cat << EOM\nerror: The sandbox is not in sync with the Podfile.lock. Run 'pod install' or update your CocoaPods installation.\nEOM\n    exit 1\nfi\n";
			showEnvVarsInLog = 0;
		};
		C184C9577A401136E0FCC5CF /* Embed Pods Frameworks */ = {
			isa = PBXShellScriptBuildPhase;
			buildActionMask = 2147483647;
			files = (
			);
			inputPaths = (
			);
			name = "Embed Pods Frameworks";
			outputPaths = (
			);
			runOnlyForDeploymentPostprocessing = 0;
			shellPath = /bin/sh;
			shellScript = "\"${SRCROOT}/Pods/Target Support Files/Pods-GroupLock/Pods-GroupLock-frameworks.sh\"\n";
			showEnvVarsInLog = 0;
		};
/* End PBXShellScriptBuildPhase section */

/* Begin PBXSourcesBuildPhase section */
		87B692091CB425E0008ACB6A /* Sources */ = {
			isa = PBXSourcesBuildPhase;
			buildActionMask = 2147483647;
			files = (
				87B692131CB425E0008ACB6A /* PasswordViewController.swift in Sources */,
				879797101CCFF4180064C3AC /* FolderTableViewCell.swift in Sources */,
				879797091CCFA61E0064C3AC /* Folder+CoreDataProperties.swift in Sources */,
				879797081CCFA61E0064C3AC /* File.swift in Sources */,
				8797970A1CCFA61E0064C3AC /* Folder.swift in Sources */,
				87B692191CB425E0008ACB6A /* GroupLock.xcdatamodeld in Sources */,
				879797071CCFA61E0064C3AC /* File+CoreDataProperties.swift in Sources */,
				87B6927F1CB45188008ACB6A /* UIViewController.swift in Sources */,
				8797970E1CCFEFB20064C3AC /* LibraryViewController.swift in Sources */,
				87B692111CB425E0008ACB6A /* AppDelegate.swift in Sources */,
			);
			runOnlyForDeploymentPostprocessing = 0;
		};
		87B692201CB425E0008ACB6A /* Sources */ = {
			isa = PBXSourcesBuildPhase;
			buildActionMask = 2147483647;
			files = (
				87B072DF1CC1B13600916D09 /* NUITextFieldTests.swift in Sources */,
				87B072D91CC188EC00916D09 /* NUITabBarTests.swift in Sources */,
				87B072E21CC1B7B300916D09 /* NUIPasswordViewTests.swift in Sources */,
				87B072E41CC1B8E600916D09 /* NUIProceedButtonTests.swift in Sources */,
				87B072D51CC1680F00916D09 /* NUINavigationBarTests.swift in Sources */,
				87B072DB1CC1AB4200916D09 /* NUIBarButtonTests.swift in Sources */,
				87B072DD1CC1AD9C00916D09 /* NUIButtonTests.swift in Sources */,
				87B072C81CC0E13000916D09 /* NUIViewTests.swift in Sources */,
				87B072E71CC1B9F900916D09 /* NUIEnterPasswordLabelTests.swift in Sources */,
			);
			runOnlyForDeploymentPostprocessing = 0;
		};
		87B6922B1CB425E0008ACB6A /* Sources */ = {
			isa = PBXSourcesBuildPhase;
			buildActionMask = 2147483647;
			files = (
				870C407D1CC69EAF00BE4BD0 /* PasswordViewControllerTests.swift in Sources */,
			);
			runOnlyForDeploymentPostprocessing = 0;
		};
/* End PBXSourcesBuildPhase section */

/* Begin PBXTargetDependency section */
		87B692261CB425E0008ACB6A /* PBXTargetDependency */ = {
			isa = PBXTargetDependency;
			target = 87B6920C1CB425E0008ACB6A /* GroupLock */;
			targetProxy = 87B692251CB425E0008ACB6A /* PBXContainerItemProxy */;
		};
		87B692311CB425E0008ACB6A /* PBXTargetDependency */ = {
			isa = PBXTargetDependency;
			target = 87B6920C1CB425E0008ACB6A /* GroupLock */;
			targetProxy = 87B692301CB425E0008ACB6A /* PBXContainerItemProxy */;
		};
/* End PBXTargetDependency section */

/* Begin PBXVariantGroup section */
		87B692141CB425E0008ACB6A /* Main.storyboard */ = {
			isa = PBXVariantGroup;
			children = (
				87B692151CB425E0008ACB6A /* Base */,
			);
			name = Main.storyboard;
			sourceTree = "<group>";
		};
		87B6921C1CB425E0008ACB6A /* LaunchScreen.storyboard */ = {
			isa = PBXVariantGroup;
			children = (
				87B6921D1CB425E0008ACB6A /* Base */,
			);
			name = LaunchScreen.storyboard;
			sourceTree = "<group>";
		};
/* End PBXVariantGroup section */

/* Begin XCBuildConfiguration section */
		87B692361CB425E0008ACB6A /* Debug */ = {
			isa = XCBuildConfiguration;
			buildSettings = {
				ALWAYS_SEARCH_USER_PATHS = NO;
				CLANG_ANALYZER_NONNULL = YES;
				CLANG_CXX_LANGUAGE_STANDARD = "gnu++0x";
				CLANG_CXX_LIBRARY = "libc++";
				CLANG_ENABLE_MODULES = YES;
				CLANG_ENABLE_OBJC_ARC = YES;
				CLANG_WARN_BOOL_CONVERSION = YES;
				CLANG_WARN_CONSTANT_CONVERSION = YES;
				CLANG_WARN_DIRECT_OBJC_ISA_USAGE = YES_ERROR;
				CLANG_WARN_EMPTY_BODY = YES;
				CLANG_WARN_ENUM_CONVERSION = YES;
				CLANG_WARN_INT_CONVERSION = YES;
				CLANG_WARN_OBJC_ROOT_CLASS = YES_ERROR;
				CLANG_WARN_UNREACHABLE_CODE = YES;
				CLANG_WARN__DUPLICATE_METHOD_MATCH = YES;
				"CODE_SIGN_IDENTITY[sdk=iphoneos*]" = "iPhone Developer";
				COPY_PHASE_STRIP = NO;
				DEBUG_INFORMATION_FORMAT = dwarf;
				EMBEDDED_CONTENT_CONTAINS_SWIFT = YES;
				ENABLE_STRICT_OBJC_MSGSEND = YES;
				ENABLE_TESTABILITY = YES;
				GCC_C_LANGUAGE_STANDARD = gnu99;
				GCC_DYNAMIC_NO_PIC = NO;
				GCC_NO_COMMON_BLOCKS = YES;
				GCC_OPTIMIZATION_LEVEL = 0;
				GCC_PREPROCESSOR_DEFINITIONS = (
					"DEBUG=1",
					"$(inherited)",
				);
				GCC_WARN_64_TO_32_BIT_CONVERSION = YES;
				GCC_WARN_ABOUT_RETURN_TYPE = YES_ERROR;
				GCC_WARN_UNDECLARED_SELECTOR = YES;
				GCC_WARN_UNINITIALIZED_AUTOS = YES_AGGRESSIVE;
				GCC_WARN_UNUSED_FUNCTION = YES;
				GCC_WARN_UNUSED_VARIABLE = YES;
				IPHONEOS_DEPLOYMENT_TARGET = 9.0;
				MTL_ENABLE_DEBUG_INFO = YES;
				ONLY_ACTIVE_ARCH = YES;
				SDKROOT = iphoneos;
				SWIFT_OPTIMIZATION_LEVEL = "-Onone";
				TARGETED_DEVICE_FAMILY = "1,2";
			};
			name = Debug;
		};
		87B692371CB425E0008ACB6A /* Release */ = {
			isa = XCBuildConfiguration;
			buildSettings = {
				ALWAYS_SEARCH_USER_PATHS = NO;
				CLANG_ANALYZER_NONNULL = YES;
				CLANG_CXX_LANGUAGE_STANDARD = "gnu++0x";
				CLANG_CXX_LIBRARY = "libc++";
				CLANG_ENABLE_MODULES = YES;
				CLANG_ENABLE_OBJC_ARC = YES;
				CLANG_WARN_BOOL_CONVERSION = YES;
				CLANG_WARN_CONSTANT_CONVERSION = YES;
				CLANG_WARN_DIRECT_OBJC_ISA_USAGE = YES_ERROR;
				CLANG_WARN_EMPTY_BODY = YES;
				CLANG_WARN_ENUM_CONVERSION = YES;
				CLANG_WARN_INT_CONVERSION = YES;
				CLANG_WARN_OBJC_ROOT_CLASS = YES_ERROR;
				CLANG_WARN_UNREACHABLE_CODE = YES;
				CLANG_WARN__DUPLICATE_METHOD_MATCH = YES;
				"CODE_SIGN_IDENTITY[sdk=iphoneos*]" = "iPhone Developer";
				COPY_PHASE_STRIP = NO;
				DEBUG_INFORMATION_FORMAT = "dwarf-with-dsym";
				EMBEDDED_CONTENT_CONTAINS_SWIFT = YES;
				ENABLE_NS_ASSERTIONS = NO;
				ENABLE_STRICT_OBJC_MSGSEND = YES;
				GCC_C_LANGUAGE_STANDARD = gnu99;
				GCC_NO_COMMON_BLOCKS = YES;
				GCC_WARN_64_TO_32_BIT_CONVERSION = YES;
				GCC_WARN_ABOUT_RETURN_TYPE = YES_ERROR;
				GCC_WARN_UNDECLARED_SELECTOR = YES;
				GCC_WARN_UNINITIALIZED_AUTOS = YES_AGGRESSIVE;
				GCC_WARN_UNUSED_FUNCTION = YES;
				GCC_WARN_UNUSED_VARIABLE = YES;
				IPHONEOS_DEPLOYMENT_TARGET = 9.0;
				MTL_ENABLE_DEBUG_INFO = NO;
				SDKROOT = iphoneos;
				TARGETED_DEVICE_FAMILY = "1,2";
				VALIDATE_PRODUCT = YES;
			};
			name = Release;
		};
		87B692391CB425E0008ACB6A /* Debug */ = {
			isa = XCBuildConfiguration;
			baseConfigurationReference = 4EE77687B0E1F1453E33B6F6 /* Pods-GroupLock.debug.xcconfig */;
			buildSettings = {
				ASSETCATALOG_COMPILER_APPICON_NAME = AppIcon;
				CLANG_ENABLE_MODULES = YES;
				CODE_SIGN_IDENTITY = "iPhone Developer";
				DEFINES_MODULE = YES;
				EMBEDDED_CONTENT_CONTAINS_SWIFT = YES;
				INFOPLIST_FILE = GroupLock/Info.plist;
				IPHONEOS_DEPLOYMENT_TARGET = 9.0;
				LD_RUNPATH_SEARCH_PATHS = "$(inherited) @executable_path/Frameworks";
				OTHER_SWIFT_FLAGS = "-D DEBUG";
				PRODUCT_BUNDLE_IDENTIFIER = "lanit-tercom-school.GroupLock";
				PRODUCT_NAME = "$(TARGET_NAME)";
				SWIFT_OPTIMIZATION_LEVEL = "-Onone";
				TARGETED_DEVICE_FAMILY = "1,2";
			};
			name = Debug;
		};
		87B6923A1CB425E0008ACB6A /* Release */ = {
			isa = XCBuildConfiguration;
			baseConfigurationReference = B1BED2D33CECDB83089990DD /* Pods-GroupLock.release.xcconfig */;
			buildSettings = {
				ASSETCATALOG_COMPILER_APPICON_NAME = AppIcon;
				CLANG_ENABLE_MODULES = YES;
				CODE_SIGN_IDENTITY = "iPhone Developer";
				DEFINES_MODULE = YES;
				EMBEDDED_CONTENT_CONTAINS_SWIFT = YES;
				INFOPLIST_FILE = GroupLock/Info.plist;
				IPHONEOS_DEPLOYMENT_TARGET = 9.0;
				LD_RUNPATH_SEARCH_PATHS = "$(inherited) @executable_path/Frameworks";
				OTHER_SWIFT_FLAGS = "-D RELEASE";
				PRODUCT_BUNDLE_IDENTIFIER = "lanit-tercom-school.GroupLock";
				PRODUCT_NAME = "$(TARGET_NAME)";
				TARGETED_DEVICE_FAMILY = "1,2";
			};
			name = Release;
		};
		87B6923C1CB425E0008ACB6A /* Debug */ = {
			isa = XCBuildConfiguration;
			buildSettings = {
				BUNDLE_LOADER = "$(TEST_HOST)";
				INFOPLIST_FILE = GroupLockTests/Info.plist;
				LD_RUNPATH_SEARCH_PATHS = "$(inherited) @executable_path/Frameworks @loader_path/Frameworks";
				PRODUCT_BUNDLE_IDENTIFIER = "lanit-tercom-school.GroupLockTests";
				PRODUCT_NAME = "$(TARGET_NAME)";
				TEST_HOST = "$(BUILT_PRODUCTS_DIR)/GroupLock.app/GroupLock";
			};
			name = Debug;
		};
		87B6923D1CB425E0008ACB6A /* Release */ = {
			isa = XCBuildConfiguration;
			buildSettings = {
				BUNDLE_LOADER = "$(TEST_HOST)";
				INFOPLIST_FILE = GroupLockTests/Info.plist;
				LD_RUNPATH_SEARCH_PATHS = "$(inherited) @executable_path/Frameworks @loader_path/Frameworks";
				PRODUCT_BUNDLE_IDENTIFIER = "lanit-tercom-school.GroupLockTests";
				PRODUCT_NAME = "$(TARGET_NAME)";
				TEST_HOST = "$(BUILT_PRODUCTS_DIR)/GroupLock.app/GroupLock";
			};
			name = Release;
		};
		87B6923F1CB425E0008ACB6A /* Debug */ = {
			isa = XCBuildConfiguration;
			buildSettings = {
				CLANG_ENABLE_MODULES = YES;
				INFOPLIST_FILE = GroupLockUITests/Info.plist;
				LD_RUNPATH_SEARCH_PATHS = "$(inherited) @executable_path/Frameworks @loader_path/Frameworks";
				PRODUCT_BUNDLE_IDENTIFIER = "lanit-tercom-school.GroupLockUITests";
				PRODUCT_NAME = "$(TARGET_NAME)";
				SWIFT_OPTIMIZATION_LEVEL = "-Onone";
				TEST_TARGET_NAME = GroupLock;
			};
			name = Debug;
		};
		87B692401CB425E0008ACB6A /* Release */ = {
			isa = XCBuildConfiguration;
			buildSettings = {
				CLANG_ENABLE_MODULES = YES;
				INFOPLIST_FILE = GroupLockUITests/Info.plist;
				LD_RUNPATH_SEARCH_PATHS = "$(inherited) @executable_path/Frameworks @loader_path/Frameworks";
				PRODUCT_BUNDLE_IDENTIFIER = "lanit-tercom-school.GroupLockUITests";
				PRODUCT_NAME = "$(TARGET_NAME)";
				TEST_TARGET_NAME = GroupLock;
			};
			name = Release;
		};
/* End XCBuildConfiguration section */

/* Begin XCConfigurationList section */
		87B692081CB425E0008ACB6A /* Build configuration list for PBXProject "GroupLock" */ = {
			isa = XCConfigurationList;
			buildConfigurations = (
				87B692361CB425E0008ACB6A /* Debug */,
				87B692371CB425E0008ACB6A /* Release */,
			);
			defaultConfigurationIsVisible = 0;
			defaultConfigurationName = Release;
		};
		87B692381CB425E0008ACB6A /* Build configuration list for PBXNativeTarget "GroupLock" */ = {
			isa = XCConfigurationList;
			buildConfigurations = (
				87B692391CB425E0008ACB6A /* Debug */,
				87B6923A1CB425E0008ACB6A /* Release */,
			);
			defaultConfigurationIsVisible = 0;
			defaultConfigurationName = Release;
		};
		87B6923B1CB425E0008ACB6A /* Build configuration list for PBXNativeTarget "GroupLockTests" */ = {
			isa = XCConfigurationList;
			buildConfigurations = (
				87B6923C1CB425E0008ACB6A /* Debug */,
				87B6923D1CB425E0008ACB6A /* Release */,
			);
			defaultConfigurationIsVisible = 0;
			defaultConfigurationName = Release;
		};
		87B6923E1CB425E0008ACB6A /* Build configuration list for PBXNativeTarget "GroupLockUITests" */ = {
			isa = XCConfigurationList;
			buildConfigurations = (
				87B6923F1CB425E0008ACB6A /* Debug */,
				87B692401CB425E0008ACB6A /* Release */,
			);
			defaultConfigurationIsVisible = 0;
			defaultConfigurationName = Release;
		};
/* End XCConfigurationList section */

/* Begin XCVersionGroup section */
		87B692171CB425E0008ACB6A /* GroupLock.xcdatamodeld */ = {
			isa = XCVersionGroup;
			children = (
				87B692181CB425E0008ACB6A /* GroupLock.xcdatamodel */,
			);
			currentVersion = 87B692181CB425E0008ACB6A /* GroupLock.xcdatamodel */;
			path = GroupLock.xcdatamodeld;
			sourceTree = "<group>";
			versionGroupType = wrapper.xcdatamodel;
		};
/* End XCVersionGroup section */
	};
	rootObject = 87B692051CB425E0008ACB6A /* Project object */;
}
