PODS:
  - Agrume (2.7.1)
  - JSQCoreDataKit (4.0.2)
  - JSQDataSourcesKit (4.0.0)
  - NUI (0.5.5):
    - NUIParse
  - NUIParse (1.3)

DEPENDENCIES:
  - Agrume (from `https://github.com/JanGorman/Agrume.git`)
  - JSQCoreDataKit
  - JSQDataSourcesKit
  - NUI (from `https://github.com/broadwaylamb/nui.git`, branch `grouplock`)

EXTERNAL SOURCES:
  Agrume:
    :git: https://github.com/JanGorman/Agrume.git
  NUI:
    :branch: grouplock
    :git: https://github.com/broadwaylamb/nui.git

CHECKOUT OPTIONS:
  Agrume:
    :commit: 2edf783f95f934a38f46ec97235a17c5c2c7d051
    :git: https://github.com/JanGorman/Agrume.git
  NUI:
    :commit: 9575a63670b4e422a972775c9a501377eda0767e
    :git: https://github.com/broadwaylamb/nui.git

SPEC CHECKSUMS:
  Agrume: b5d2ff2830a8fa6dadc009e0046cf4e1a2424e68
  JSQCoreDataKit: 5ff8701184611be7769926b91a0cba2115e4e69a
  JSQDataSourcesKit: b222332f42dd117417788038f50a0c79e2fc70ff
  NUI: 53de7278003235deb2a375fe6f04c7a3aa3e49eb
  NUIParse: 2e3885ba7807477266396292626bd387d34c2338

PODFILE CHECKSUM: ce5da447693c335748941c625f4dac96e7a491b1

COCOAPODS: 1.0.1
