PODS:
  - Agrume (3.0.2)
  - JSQCoreDataKit (4.0.2)
  - JSQDataSourcesKit (4.0.1)
  - NUI (0.5.5):
    - NUIParse
  - NUIParse (1.3)

DEPENDENCIES:
  - Agrume (from `https://github.com/JanGorman/Agrume.git`)
  - JSQCoreDataKit
  - JSQDataSourcesKit
  - NUI (from `https://github.com/broadwaylamb/nui.git`, branch `grouplock`)

EXTERNAL SOURCES:
  Agrume:
    :git: https://github.com/JanGorman/Agrume.git
  NUI:
    :branch: grouplock
    :git: https://github.com/broadwaylamb/nui.git

CHECKOUT OPTIONS:
  Agrume:
    :commit: 010545e37c6900f7dbd94e8a4bfee6a42450d6f0
    :git: https://github.com/JanGorman/Agrume.git
  NUI:
    :commit: 9575a63670b4e422a972775c9a501377eda0767e
    :git: https://github.com/broadwaylamb/nui.git

SPEC CHECKSUMS:
  Agrume: 5698c55f02bb9bd60b6a32fea6ac0e8057ccb927
  JSQCoreDataKit: 5ff8701184611be7769926b91a0cba2115e4e69a
  JSQDataSourcesKit: 6d862e41a79e68f52b34f8190c7643b2c8ed7819
  NUI: 53de7278003235deb2a375fe6f04c7a3aa3e49eb
  NUIParse: 2e3885ba7807477266396292626bd387d34c2338

PODFILE CHECKSUM: 5aa03ff3defc8e5520647e2e62acb01d606759c0

COCOAPODS: 1.0.1
