// !$*UTF8*$!
{
	archiveVersion = 1;
	classes = {
	};
	objectVersion = 46;
	objects = {

/* Begin PBXBuildFile section */
		8A8B67181CB4137C0048431E /* AppDelegate.swift in Sources */ = {isa = PBXBuildFile; fileRef = 8A8B67171CB4137C0048431E /* AppDelegate.swift */; };
		8A8B671A1CB4137C0048431E /* ViewController.swift in Sources */ = {isa = PBXBuildFile; fileRef = 8A8B67191CB4137C0048431E /* ViewController.swift */; };
		8A8B671D1CB4137C0048431E /* Main.storyboard in Resources */ = {isa = PBXBuildFile; fileRef = 8A8B671B1CB4137C0048431E /* Main.storyboard */; };
		8A8B67201CB4137C0048431E /* GroupLock.xcdatamodeld in Sources */ = {isa = PBXBuildFile; fileRef = 8A8B671E1CB4137C0048431E /* GroupLock.xcdatamodeld */; };
		8A8B67221CB4137C0048431E /* Assets.xcassets in Resources */ = {isa = PBXBuildFile; fileRef = 8A8B67211CB4137C0048431E /* Assets.xcassets */; };
		8A8B67251CB4137C0048431E /* LaunchScreen.storyboard in Resources */ = {isa = PBXBuildFile; fileRef = 8A8B67231CB4137C0048431E /* LaunchScreen.storyboard */; };
		8A8B67301CB4137C0048431E /* GroupLockTests.swift in Sources */ = {isa = PBXBuildFile; fileRef = 8A8B672F1CB4137C0048431E /* GroupLockTests.swift */; };
		8A8B673B1CB4137C0048431E /* GroupLockUITests.swift in Sources */ = {isa = PBXBuildFile; fileRef = 8A8B673A1CB4137C0048431E /* GroupLockUITests.swift */; };
/* End PBXBuildFile section */

/* Begin PBXContainerItemProxy section */
		8A8B672C1CB4137C0048431E /* PBXContainerItemProxy */ = {
			isa = PBXContainerItemProxy;
			containerPortal = 8A8B670C1CB4137C0048431E /* Project object */;
			proxyType = 1;
			remoteGlobalIDString = 8A8B67131CB4137C0048431E;
			remoteInfo = GroupLock;
		};
		8A8B67371CB4137C0048431E /* PBXContainerItemProxy */ = {
			isa = PBXContainerItemProxy;
			containerPortal = 8A8B670C1CB4137C0048431E /* Project object */;
			proxyType = 1;
			remoteGlobalIDString = 8A8B67131CB4137C0048431E;
			remoteInfo = GroupLock;
		};
/* End PBXContainerItemProxy section */

/* Begin PBXFileReference section */
		8A8B67141CB4137C0048431E /* GroupLock.app */ = {isa = PBXFileReference; explicitFileType = wrapper.application; includeInIndex = 0; path = GroupLock.app; sourceTree = BUILT_PRODUCTS_DIR; };
		8A8B67171CB4137C0048431E /* AppDelegate.swift */ = {isa = PBXFileReference; lastKnownFileType = sourcecode.swift; path = AppDelegate.swift; sourceTree = "<group>"; };
		8A8B67191CB4137C0048431E /* ViewController.swift */ = {isa = PBXFileReference; lastKnownFileType = sourcecode.swift; path = ViewController.swift; sourceTree = "<group>"; };
		8A8B671C1CB4137C0048431E /* Base */ = {isa = PBXFileReference; lastKnownFileType = file.storyboard; name = Base; path = Base.lproj/Main.storyboard; sourceTree = "<group>"; };
		8A8B671F1CB4137C0048431E /* GroupLock.xcdatamodel */ = {isa = PBXFileReference; lastKnownFileType = wrapper.xcdatamodel; path = GroupLock.xcdatamodel; sourceTree = "<group>"; };
		8A8B67211CB4137C0048431E /* Assets.xcassets */ = {isa = PBXFileReference; lastKnownFileType = folder.assetcatalog; path = Assets.xcassets; sourceTree = "<group>"; };
		8A8B67241CB4137C0048431E /* Base */ = {isa = PBXFileReference; lastKnownFileType = file.storyboard; name = Base; path = Base.lproj/LaunchScreen.storyboard; sourceTree = "<group>"; };
		8A8B67261CB4137C0048431E /* Info.plist */ = {isa = PBXFileReference; lastKnownFileType = text.plist.xml; path = Info.plist; sourceTree = "<group>"; };
		8A8B672B1CB4137C0048431E /* GroupLockTests.xctest */ = {isa = PBXFileReference; explicitFileType = wrapper.cfbundle; includeInIndex = 0; path = GroupLockTests.xctest; sourceTree = BUILT_PRODUCTS_DIR; };
		8A8B672F1CB4137C0048431E /* GroupLockTests.swift */ = {isa = PBXFileReference; lastKnownFileType = sourcecode.swift; path = GroupLockTests.swift; sourceTree = "<group>"; };
		8A8B67311CB4137C0048431E /* Info.plist */ = {isa = PBXFileReference; lastKnownFileType = text.plist.xml; path = Info.plist; sourceTree = "<group>"; };
		8A8B67361CB4137C0048431E /* GroupLockUITests.xctest */ = {isa = PBXFileReference; explicitFileType = wrapper.cfbundle; includeInIndex = 0; path = GroupLockUITests.xctest; sourceTree = BUILT_PRODUCTS_DIR; };
		8A8B673A1CB4137C0048431E /* GroupLockUITests.swift */ = {isa = PBXFileReference; lastKnownFileType = sourcecode.swift; path = GroupLockUITests.swift; sourceTree = "<group>"; };
		8A8B673C1CB4137C0048431E /* Info.plist */ = {isa = PBXFileReference; lastKnownFileType = text.plist.xml; path = Info.plist; sourceTree = "<group>"; };
/* End PBXFileReference section */

/* Begin PBXFrameworksBuildPhase section */
		8A8B67111CB4137C0048431E /* Frameworks */ = {
			isa = PBXFrameworksBuildPhase;
			buildActionMask = 2147483647;
			files = (
			);
			runOnlyForDeploymentPostprocessing = 0;
		};
		8A8B67281CB4137C0048431E /* Frameworks */ = {
			isa = PBXFrameworksBuildPhase;
			buildActionMask = 2147483647;
			files = (
			);
			runOnlyForDeploymentPostprocessing = 0;
		};
		8A8B67331CB4137C0048431E /* Frameworks */ = {
			isa = PBXFrameworksBuildPhase;
			buildActionMask = 2147483647;
			files = (
			);
			runOnlyForDeploymentPostprocessing = 0;
		};
/* End PBXFrameworksBuildPhase section */

/* Begin PBXGroup section */
		8A8B670B1CB4137C0048431E = {
			isa = PBXGroup;
			children = (
				8A8B67161CB4137C0048431E /* GroupLock */,
				8A8B672E1CB4137C0048431E /* GroupLockTests */,
				8A8B67391CB4137C0048431E /* GroupLockUITests */,
				8A8B67151CB4137C0048431E /* Products */,
			);
			sourceTree = "<group>";
		};
		8A8B67151CB4137C0048431E /* Products */ = {
			isa = PBXGroup;
			children = (
				8A8B67141CB4137C0048431E /* GroupLock.app */,
				8A8B672B1CB4137C0048431E /* GroupLockTests.xctest */,
				8A8B67361CB4137C0048431E /* GroupLockUITests.xctest */,
			);
			name = Products;
			sourceTree = "<group>";
		};
		8A8B67161CB4137C0048431E /* GroupLock */ = {
			isa = PBXGroup;
			children = (
				8A8B67171CB4137C0048431E /* AppDelegate.swift */,
				8A8B67191CB4137C0048431E /* ViewController.swift */,
				8A8B671B1CB4137C0048431E /* Main.storyboard */,
				8A8B67211CB4137C0048431E /* Assets.xcassets */,
				8A8B67231CB4137C0048431E /* LaunchScreen.storyboard */,
				8A8B67261CB4137C0048431E /* Info.plist */,
				8A8B671E1CB4137C0048431E /* GroupLock.xcdatamodeld */,
			);
			path = GroupLock;
			sourceTree = "<group>";
		};
		8A8B672E1CB4137C0048431E /* GroupLockTests */ = {
			isa = PBXGroup;
			children = (
				8A8B672F1CB4137C0048431E /* GroupLockTests.swift */,
				8A8B67311CB4137C0048431E /* Info.plist */,
			);
			path = GroupLockTests;
			sourceTree = "<group>";
		};
		8A8B67391CB4137C0048431E /* GroupLockUITests */ = {
			isa = PBXGroup;
			children = (
				8A8B673A1CB4137C0048431E /* GroupLockUITests.swift */,
				8A8B673C1CB4137C0048431E /* Info.plist */,
			);
			path = GroupLockUITests;
			sourceTree = "<group>";
		};
/* End PBXGroup section */

/* Begin PBXNativeTarget section */
		8A8B67131CB4137C0048431E /* GroupLock */ = {
			isa = PBXNativeTarget;
			buildConfigurationList = 8A8B673F1CB4137C0048431E /* Build configuration list for PBXNativeTarget "GroupLock" */;
			buildPhases = (
				8A8B67101CB4137C0048431E /* Sources */,
				8A8B67111CB4137C0048431E /* Frameworks */,
				8A8B67121CB4137C0048431E /* Resources */,
			);
			buildRules = (
			);
			dependencies = (
			);
			name = GroupLock;
			productName = GroupLock;
			productReference = 8A8B67141CB4137C0048431E /* GroupLock.app */;
			productType = "com.apple.product-type.application";
		};
		8A8B672A1CB4137C0048431E /* GroupLockTests */ = {
			isa = PBXNativeTarget;
			buildConfigurationList = 8A8B67421CB4137C0048431E /* Build configuration list for PBXNativeTarget "GroupLockTests" */;
			buildPhases = (
				8A8B67271CB4137C0048431E /* Sources */,
				8A8B67281CB4137C0048431E /* Frameworks */,
				8A8B67291CB4137C0048431E /* Resources */,
			);
			buildRules = (
			);
			dependencies = (
				8A8B672D1CB4137C0048431E /* PBXTargetDependency */,
			);
			name = GroupLockTests;
			productName = GroupLockTests;
			productReference = 8A8B672B1CB4137C0048431E /* GroupLockTests.xctest */;
			productType = "com.apple.product-type.bundle.unit-test";
		};
		8A8B67351CB4137C0048431E /* GroupLockUITests */ = {
			isa = PBXNativeTarget;
			buildConfigurationList = 8A8B67451CB4137C0048431E /* Build configuration list for PBXNativeTarget "GroupLockUITests" */;
			buildPhases = (
				8A8B67321CB4137C0048431E /* Sources */,
				8A8B67331CB4137C0048431E /* Frameworks */,
				8A8B67341CB4137C0048431E /* Resources */,
			);
			buildRules = (
			);
			dependencies = (
				8A8B67381CB4137C0048431E /* PBXTargetDependency */,
			);
			name = GroupLockUITests;
			productName = GroupLockUITests;
			productReference = 8A8B67361CB4137C0048431E /* GroupLockUITests.xctest */;
			productType = "com.apple.product-type.bundle.ui-testing";
		};
/* End PBXNativeTarget section */

/* Begin PBXProject section */
		8A8B670C1CB4137C0048431E /* Project object */ = {
			isa = PBXProject;
			attributes = {
				LastSwiftUpdateCheck = 0730;
				LastUpgradeCheck = 0730;
				ORGANIZATIONNAME = "lanit-tercom-school";
				TargetAttributes = {
					8A8B67131CB4137C0048431E = {
						CreatedOnToolsVersion = 7.3;
					};
					8A8B672A1CB4137C0048431E = {
						CreatedOnToolsVersion = 7.3;
						TestTargetID = 8A8B67131CB4137C0048431E;
					};
					8A8B67351CB4137C0048431E = {
						CreatedOnToolsVersion = 7.3;
						TestTargetID = 8A8B67131CB4137C0048431E;
					};
				};
			};
			buildConfigurationList = 8A8B670F1CB4137C0048431E /* Build configuration list for PBXProject "GroupLock" */;
			compatibilityVersion = "Xcode 3.2";
			developmentRegion = English;
			hasScannedForEncodings = 0;
			knownRegions = (
				en,
				Base,
			);
			mainGroup = 8A8B670B1CB4137C0048431E;
			productRefGroup = 8A8B67151CB4137C0048431E /* Products */;
			projectDirPath = "";
			projectRoot = "";
			targets = (
				8A8B67131CB4137C0048431E /* GroupLock */,
				8A8B672A1CB4137C0048431E /* GroupLockTests */,
				8A8B67351CB4137C0048431E /* GroupLockUITests */,
			);
		};
/* End PBXProject section */

/* Begin PBXResourcesBuildPhase section */
		8A8B67121CB4137C0048431E /* Resources */ = {
			isa = PBXResourcesBuildPhase;
			buildActionMask = 2147483647;
			files = (
				8A8B67251CB4137C0048431E /* LaunchScreen.storyboard in Resources */,
				8A8B67221CB4137C0048431E /* Assets.xcassets in Resources */,
				8A8B671D1CB4137C0048431E /* Main.storyboard in Resources */,
			);
			runOnlyForDeploymentPostprocessing = 0;
		};
		8A8B67291CB4137C0048431E /* Resources */ = {
			isa = PBXResourcesBuildPhase;
			buildActionMask = 2147483647;
			files = (
			);
			runOnlyForDeploymentPostprocessing = 0;
		};
		8A8B67341CB4137C0048431E /* Resources */ = {
			isa = PBXResourcesBuildPhase;
			buildActionMask = 2147483647;
			files = (
			);
			runOnlyForDeploymentPostprocessing = 0;
		};
/* End PBXResourcesBuildPhase section */

/* Begin PBXSourcesBuildPhase section */
		8A8B67101CB4137C0048431E /* Sources */ = {
			isa = PBXSourcesBuildPhase;
			buildActionMask = 2147483647;
			files = (
				8A8B671A1CB4137C0048431E /* ViewController.swift in Sources */,
				8A8B67201CB4137C0048431E /* GroupLock.xcdatamodeld in Sources */,
				8A8B67181CB4137C0048431E /* AppDelegate.swift in Sources */,
			);
			runOnlyForDeploymentPostprocessing = 0;
		};
		8A8B67271CB4137C0048431E /* Sources */ = {
			isa = PBXSourcesBuildPhase;
			buildActionMask = 2147483647;
			files = (
				8A8B67301CB4137C0048431E /* GroupLockTests.swift in Sources */,
			);
			runOnlyForDeploymentPostprocessing = 0;
		};
		8A8B67321CB4137C0048431E /* Sources */ = {
			isa = PBXSourcesBuildPhase;
			buildActionMask = 2147483647;
			files = (
				8A8B673B1CB4137C0048431E /* GroupLockUITests.swift in Sources */,
			);
			runOnlyForDeploymentPostprocessing = 0;
		};
/* End PBXSourcesBuildPhase section */

/* Begin PBXTargetDependency section */
		8A8B672D1CB4137C0048431E /* PBXTargetDependency */ = {
			isa = PBXTargetDependency;
			target = 8A8B67131CB4137C0048431E /* GroupLock */;
			targetProxy = 8A8B672C1CB4137C0048431E /* PBXContainerItemProxy */;
		};
		8A8B67381CB4137C0048431E /* PBXTargetDependency */ = {
			isa = PBXTargetDependency;
			target = 8A8B67131CB4137C0048431E /* GroupLock */;
			targetProxy = 8A8B67371CB4137C0048431E /* PBXContainerItemProxy */;
		};
/* End PBXTargetDependency section */

/* Begin PBXVariantGroup section */
		8A8B671B1CB4137C0048431E /* Main.storyboard */ = {
			isa = PBXVariantGroup;
			children = (
				8A8B671C1CB4137C0048431E /* Base */,
			);
			name = Main.storyboard;
			sourceTree = "<group>";
		};
		8A8B67231CB4137C0048431E /* LaunchScreen.storyboard */ = {
			isa = PBXVariantGroup;
			children = (
				8A8B67241CB4137C0048431E /* Base */,
			);
			name = LaunchScreen.storyboard;
			sourceTree = "<group>";
		};
/* End PBXVariantGroup section */

/* Begin XCBuildConfiguration section */
		8A8B673D1CB4137C0048431E /* Debug */ = {
			isa = XCBuildConfiguration;
			buildSettings = {
				ALWAYS_SEARCH_USER_PATHS = NO;
				CLANG_ANALYZER_NONNULL = YES;
				CLANG_CXX_LANGUAGE_STANDARD = "gnu++0x";
				CLANG_CXX_LIBRARY = "libc++";
				CLANG_ENABLE_MODULES = YES;
				CLANG_ENABLE_OBJC_ARC = YES;
				CLANG_WARN_BOOL_CONVERSION = YES;
				CLANG_WARN_CONSTANT_CONVERSION = YES;
				CLANG_WARN_DIRECT_OBJC_ISA_USAGE = YES_ERROR;
				CLANG_WARN_EMPTY_BODY = YES;
				CLANG_WARN_ENUM_CONVERSION = YES;
				CLANG_WARN_INT_CONVERSION = YES;
				CLANG_WARN_OBJC_ROOT_CLASS = YES_ERROR;
				CLANG_WARN_UNREACHABLE_CODE = YES;
				CLANG_WARN__DUPLICATE_METHOD_MATCH = YES;
				"CODE_SIGN_IDENTITY[sdk=iphoneos*]" = "iPhone Developer";
				COPY_PHASE_STRIP = NO;
				DEBUG_INFORMATION_FORMAT = dwarf;
				ENABLE_STRICT_OBJC_MSGSEND = YES;
				ENABLE_TESTABILITY = YES;
				GCC_C_LANGUAGE_STANDARD = gnu99;
				GCC_DYNAMIC_NO_PIC = NO;
				GCC_NO_COMMON_BLOCKS = YES;
				GCC_OPTIMIZATION_LEVEL = 0;
				GCC_PREPROCESSOR_DEFINITIONS = (
					"DEBUG=1",
					"$(inherited)",
				);
				GCC_WARN_64_TO_32_BIT_CONVERSION = YES;
				GCC_WARN_ABOUT_RETURN_TYPE = YES_ERROR;
				GCC_WARN_UNDECLARED_SELECTOR = YES;
				GCC_WARN_UNINITIALIZED_AUTOS = YES_AGGRESSIVE;
				GCC_WARN_UNUSED_FUNCTION = YES;
				GCC_WARN_UNUSED_VARIABLE = YES;
				IPHONEOS_DEPLOYMENT_TARGET = 9.3;
				MTL_ENABLE_DEBUG_INFO = YES;
				ONLY_ACTIVE_ARCH = YES;
				SDKROOT = iphoneos;
				SWIFT_OPTIMIZATION_LEVEL = "-Onone";
				TARGETED_DEVICE_FAMILY = "1,2";
			};
			name = Debug;
		};
		8A8B673E1CB4137C0048431E /* Release */ = {
			isa = XCBuildConfiguration;
			buildSettings = {
				ALWAYS_SEARCH_USER_PATHS = NO;
				CLANG_ANALYZER_NONNULL = YES;
				CLANG_CXX_LANGUAGE_STANDARD = "gnu++0x";
				CLANG_CXX_LIBRARY = "libc++";
				CLANG_ENABLE_MODULES = YES;
				CLANG_ENABLE_OBJC_ARC = YES;
				CLANG_WARN_BOOL_CONVERSION = YES;
				CLANG_WARN_CONSTANT_CONVERSION = YES;
				CLANG_WARN_DIRECT_OBJC_ISA_USAGE = YES_ERROR;
				CLANG_WARN_EMPTY_BODY = YES;
				CLANG_WARN_ENUM_CONVERSION = YES;
				CLANG_WARN_INT_CONVERSION = YES;
				CLANG_WARN_OBJC_ROOT_CLASS = YES_ERROR;
				CLANG_WARN_UNREACHABLE_CODE = YES;
				CLANG_WARN__DUPLICATE_METHOD_MATCH = YES;
				"CODE_SIGN_IDENTITY[sdk=iphoneos*]" = "iPhone Developer";
				COPY_PHASE_STRIP = NO;
				DEBUG_INFORMATION_FORMAT = "dwarf-with-dsym";
				ENABLE_NS_ASSERTIONS = NO;
				ENABLE_STRICT_OBJC_MSGSEND = YES;
				GCC_C_LANGUAGE_STANDARD = gnu99;
				GCC_NO_COMMON_BLOCKS = YES;
				GCC_WARN_64_TO_32_BIT_CONVERSION = YES;
				GCC_WARN_ABOUT_RETURN_TYPE = YES_ERROR;
				GCC_WARN_UNDECLARED_SELECTOR = YES;
				GCC_WARN_UNINITIALIZED_AUTOS = YES_AGGRESSIVE;
				GCC_WARN_UNUSED_FUNCTION = YES;
				GCC_WARN_UNUSED_VARIABLE = YES;
				IPHONEOS_DEPLOYMENT_TARGET = 9.3;
				MTL_ENABLE_DEBUG_INFO = NO;
				SDKROOT = iphoneos;
				TARGETED_DEVICE_FAMILY = "1,2";
				VALIDATE_PRODUCT = YES;
			};
			name = Release;
		};
		8A8B67401CB4137C0048431E /* Debug */ = {
			isa = XCBuildConfiguration;
			buildSettings = {
				ASSETCATALOG_COMPILER_APPICON_NAME = AppIcon;
				INFOPLIST_FILE = GroupLock/Info.plist;
				LD_RUNPATH_SEARCH_PATHS = "$(inherited) @executable_path/Frameworks";
				PRODUCT_BUNDLE_IDENTIFIER = "lanit-tercom-school.GroupLock";
				PRODUCT_NAME = "$(TARGET_NAME)";
			};
			name = Debug;
		};
		8A8B67411CB4137C0048431E /* Release */ = {
			isa = XCBuildConfiguration;
			buildSettings = {
				ASSETCATALOG_COMPILER_APPICON_NAME = AppIcon;
				INFOPLIST_FILE = GroupLock/Info.plist;
				LD_RUNPATH_SEARCH_PATHS = "$(inherited) @executable_path/Frameworks";
				PRODUCT_BUNDLE_IDENTIFIER = "lanit-tercom-school.GroupLock";
				PRODUCT_NAME = "$(TARGET_NAME)";
			};
			name = Release;
		};
		8A8B67431CB4137C0048431E /* Debug */ = {
			isa = XCBuildConfiguration;
			buildSettings = {
				BUNDLE_LOADER = "$(TEST_HOST)";
				INFOPLIST_FILE = GroupLockTests/Info.plist;
				LD_RUNPATH_SEARCH_PATHS = "$(inherited) @executable_path/Frameworks @loader_path/Frameworks";
				PRODUCT_BUNDLE_IDENTIFIER = "lanit-tercom-school.GroupLockTests";
				PRODUCT_NAME = "$(TARGET_NAME)";
				TEST_HOST = "$(BUILT_PRODUCTS_DIR)/GroupLock.app/GroupLock";
			};
			name = Debug;
		};
		8A8B67441CB4137C0048431E /* Release */ = {
			isa = XCBuildConfiguration;
			buildSettings = {
				BUNDLE_LOADER = "$(TEST_HOST)";
				INFOPLIST_FILE = GroupLockTests/Info.plist;
				LD_RUNPATH_SEARCH_PATHS = "$(inherited) @executable_path/Frameworks @loader_path/Frameworks";
				PRODUCT_BUNDLE_IDENTIFIER = "lanit-tercom-school.GroupLockTests";
				PRODUCT_NAME = "$(TARGET_NAME)";
				TEST_HOST = "$(BUILT_PRODUCTS_DIR)/GroupLock.app/GroupLock";
			};
			name = Release;
		};
		8A8B67461CB4137C0048431E /* Debug */ = {
			isa = XCBuildConfiguration;
			buildSettings = {
				INFOPLIST_FILE = GroupLockUITests/Info.plist;
				LD_RUNPATH_SEARCH_PATHS = "$(inherited) @executable_path/Frameworks @loader_path/Frameworks";
				PRODUCT_BUNDLE_IDENTIFIER = "lanit-tercom-school.GroupLockUITests";
				PRODUCT_NAME = "$(TARGET_NAME)";
				TEST_TARGET_NAME = GroupLock;
			};
			name = Debug;
		};
		8A8B67471CB4137C0048431E /* Release */ = {
			isa = XCBuildConfiguration;
			buildSettings = {
				INFOPLIST_FILE = GroupLockUITests/Info.plist;
				LD_RUNPATH_SEARCH_PATHS = "$(inherited) @executable_path/Frameworks @loader_path/Frameworks";
				PRODUCT_BUNDLE_IDENTIFIER = "lanit-tercom-school.GroupLockUITests";
				PRODUCT_NAME = "$(TARGET_NAME)";
				TEST_TARGET_NAME = GroupLock;
			};
			name = Release;
		};
/* End XCBuildConfiguration section */

/* Begin XCConfigurationList section */
		8A8B670F1CB4137C0048431E /* Build configuration list for PBXProject "GroupLock" */ = {
			isa = XCConfigurationList;
			buildConfigurations = (
				8A8B673D1CB4137C0048431E /* Debug */,
				8A8B673E1CB4137C0048431E /* Release */,
			);
			defaultConfigurationIsVisible = 0;
			defaultConfigurationName = Release;
		};
		8A8B673F1CB4137C0048431E /* Build configuration list for PBXNativeTarget "GroupLock" */ = {
			isa = XCConfigurationList;
			buildConfigurations = (
				8A8B67401CB4137C0048431E /* Debug */,
				8A8B67411CB4137C0048431E /* Release */,
			);
			defaultConfigurationIsVisible = 0;
		};
		8A8B67421CB4137C0048431E /* Build configuration list for PBXNativeTarget "GroupLockTests" */ = {
			isa = XCConfigurationList;
			buildConfigurations = (
				8A8B67431CB4137C0048431E /* Debug */,
				8A8B67441CB4137C0048431E /* Release */,
			);
			defaultConfigurationIsVisible = 0;
		};
		8A8B67451CB4137C0048431E /* Build configuration list for PBXNativeTarget "GroupLockUITests" */ = {
			isa = XCConfigurationList;
			buildConfigurations = (
				8A8B67461CB4137C0048431E /* Debug */,
				8A8B67471CB4137C0048431E /* Release */,
			);
			defaultConfigurationIsVisible = 0;
		};
/* End XCConfigurationList section */

/* Begin XCVersionGroup section */
		8A8B671E1CB4137C0048431E /* GroupLock.xcdatamodeld */ = {
			isa = XCVersionGroup;
			children = (
				8A8B671F1CB4137C0048431E /* GroupLock.xcdatamodel */,
			);
			currentVersion = 8A8B671F1CB4137C0048431E /* GroupLock.xcdatamodel */;
			path = GroupLock.xcdatamodeld;
			sourceTree = "<group>";
			versionGroupType = wrapper.xcdatamodel;
		};
/* End XCVersionGroup section */
	};
	rootObject = 8A8B670C1CB4137C0048431E /* Project object */;
}
